// !$*UTF8*$!
{
	archiveVersion = 1;
	classes = {
	};
	objectVersion = 48;
	objects = {

/* Begin PBXBuildFile section */
		111590821FF3749A00A6FC7B /* HomepageRequest.swift in Sources */ = {isa = PBXBuildFile; fileRef = 111590811FF3749A00A6FC7B /* HomepageRequest.swift */; };
		111590871FF47AA200A6FC7B /* HomepageModel.swift in Sources */ = {isa = PBXBuildFile; fileRef = 111590861FF47AA100A6FC7B /* HomepageModel.swift */; };
		111DDF021FE8E4CB00A2C357 /* AppDelegate.swift in Sources */ = {isa = PBXBuildFile; fileRef = 111DDF011FE8E4CB00A2C357 /* AppDelegate.swift */; };
		111DDF071FE8E4CB00A2C357 /* Main.storyboard in Resources */ = {isa = PBXBuildFile; fileRef = 111DDF051FE8E4CB00A2C357 /* Main.storyboard */; };
		111DDF091FE8E4CB00A2C357 /* Assets.xcassets in Resources */ = {isa = PBXBuildFile; fileRef = 111DDF081FE8E4CB00A2C357 /* Assets.xcassets */; };
		111DDF0C1FE8E4CB00A2C357 /* LaunchScreen.storyboard in Resources */ = {isa = PBXBuildFile; fileRef = 111DDF0A1FE8E4CB00A2C357 /* LaunchScreen.storyboard */; };
		111DDF171FE8E4CB00A2C357 /* CloudHospitalTests.swift in Sources */ = {isa = PBXBuildFile; fileRef = 111DDF161FE8E4CB00A2C357 /* CloudHospitalTests.swift */; };
		111DDF221FE8E4CB00A2C357 /* CloudHospitalUITests.swift in Sources */ = {isa = PBXBuildFile; fileRef = 111DDF211FE8E4CB00A2C357 /* CloudHospitalUITests.swift */; };
		11464A401FF1E2360016E56E /* BaseNetwork.swift in Sources */ = {isa = PBXBuildFile; fileRef = 11464A3F1FF1E2360016E56E /* BaseNetwork.swift */; };
		11464A421FF1E2440016E56E /* BaseRequest.swift in Sources */ = {isa = PBXBuildFile; fileRef = 11464A411FF1E2440016E56E /* BaseRequest.swift */; };
		1146D944200C9B9500BA467F /* ResponseErrorKind.swift in Sources */ = {isa = PBXBuildFile; fileRef = 1146D943200C9B9500BA467F /* ResponseErrorKind.swift */; };
		1146D946200C9E2B00BA467F /* String.swift in Sources */ = {isa = PBXBuildFile; fileRef = 1146D945200C9E2B00BA467F /* String.swift */; };
		115C7DB8201B128D00213AD9 /* CloudAES.cpp in Sources */ = {isa = PBXBuildFile; fileRef = 115C7DB6201B128D00213AD9 /* CloudAES.cpp */; };
		115C7DBB201B12B800213AD9 /* CloudData.cpp in Sources */ = {isa = PBXBuildFile; fileRef = 115C7DB9201B12B800213AD9 /* CloudData.cpp */; };
		115C7DBE201B132C00213AD9 /* CloudRSA.cpp in Sources */ = {isa = PBXBuildFile; fileRef = 115C7DBC201B132C00213AD9 /* CloudRSA.cpp */; };
		11659CB21FF33CC1004A8271 /* BaseResponse.swift in Sources */ = {isa = PBXBuildFile; fileRef = 11659CB11FF33CC1004A8271 /* BaseResponse.swift */; };
		119196C61FEB989100B304E5 /* HomepageViewController.swift in Sources */ = {isa = PBXBuildFile; fileRef = 119196C51FEB989100B304E5 /* HomepageViewController.swift */; };
		119196D51FEB9D2F00B304E5 /* MessageViewController.swift in Sources */ = {isa = PBXBuildFile; fileRef = 119196D41FEB9D2F00B304E5 /* MessageViewController.swift */; };
		119196D71FEB9D4400B304E5 /* ServiceViewController.swift in Sources */ = {isa = PBXBuildFile; fileRef = 119196D61FEB9D4400B304E5 /* ServiceViewController.swift */; };
		119196D91FEB9D5900B304E5 /* HealthViewController.swift in Sources */ = {isa = PBXBuildFile; fileRef = 119196D81FEB9D5900B304E5 /* HealthViewController.swift */; };
		119196DB1FEB9D9D00B304E5 /* MeViewController.swift in Sources */ = {isa = PBXBuildFile; fileRef = 119196DA1FEB9D9D00B304E5 /* MeViewController.swift */; };
		119196DF1FEBA54C00B304E5 /* TabBarViewController.swift in Sources */ = {isa = PBXBuildFile; fileRef = 119196DE1FEBA54C00B304E5 /* TabBarViewController.swift */; };
		119217252020224900B4FA47 /* QuartzCore.framework in Frameworks */ = {isa = PBXBuildFile; fileRef = 11EF5B68201EFB040014C651 /* QuartzCore.framework */; };
		119217262020225600B4FA47 /* CoreText.framework in Frameworks */ = {isa = PBXBuildFile; fileRef = 11EF5B6A201EFB170014C651 /* CoreText.framework */; };
		119217282020226500B4FA47 /* CoreGraphics.framework in Frameworks */ = {isa = PBXBuildFile; fileRef = 119217272020226500B4FA47 /* CoreGraphics.framework */; };
		1192172A2020227300B4FA47 /* UIKit.framework in Frameworks */ = {isa = PBXBuildFile; fileRef = 119217292020227300B4FA47 /* UIKit.framework */; };
		1192172C2020227F00B4FA47 /* Foundation.framework in Frameworks */ = {isa = PBXBuildFile; fileRef = 1192172B2020227F00B4FA47 /* Foundation.framework */; };
		1192172E2020228900B4FA47 /* CFNetwork.framework in Frameworks */ = {isa = PBXBuildFile; fileRef = 1192172D2020228900B4FA47 /* CFNetwork.framework */; };
		1192172F202022AF00B4FA47 /* AlipaySDK.framework in Frameworks */ = {isa = PBXBuildFile; fileRef = 11EF5B5D201EF8F20014C651 /* AlipaySDK.framework */; };
		11921732202024F400B4FA47 /* libcrypto.a in Frameworks */ = {isa = PBXBuildFile; fileRef = 11921730202024F300B4FA47 /* libcrypto.a */; };
		11921733202024F400B4FA47 /* libssl.a in Frameworks */ = {isa = PBXBuildFile; fileRef = 11921731202024F300B4FA47 /* libssl.a */; };
		11921789202052C600B4FA47 /* CloudRSAKeyPair.cpp in Sources */ = {isa = PBXBuildFile; fileRef = 11921787202052C600B4FA47 /* CloudRSAKeyPair.cpp */; };
		1192178F202077A300B4FA47 /* Converter.mm in Sources */ = {isa = PBXBuildFile; fileRef = 1192178E202077A300B4FA47 /* Converter.mm */; };
		119B13941FFF0E6C00F8F535 /* Configuration.swift in Sources */ = {isa = PBXBuildFile; fileRef = 119B13931FFF0E6C00F8F535 /* Configuration.swift */; };
		119B13961FFF0E8800F8F535 /* DataManager.swift in Sources */ = {isa = PBXBuildFile; fileRef = 119B13951FFF0E8800F8F535 /* DataManager.swift */; };
		119B13981FFF0EB100F8F535 /* UIColor.swift in Sources */ = {isa = PBXBuildFile; fileRef = 119B13971FFF0EB100F8F535 /* UIColor.swift */; };
		119B139A1FFF0ECA00F8F535 /* DispatchQueue.swift in Sources */ = {isa = PBXBuildFile; fileRef = 119B13991FFF0ECA00F8F535 /* DispatchQueue.swift */; };
		11A8B1862007427700B4DFAD /* Router.swift in Sources */ = {isa = PBXBuildFile; fileRef = 11A8B1852007427700B4DFAD /* Router.swift */; };
		11A8B18820075A8900B4DFAD /* Resource.swift in Sources */ = {isa = PBXBuildFile; fileRef = 11A8B18720075A8900B4DFAD /* Resource.swift */; };
		11EE70641FEC96F500126EF5 /* NavigationViewController.swift in Sources */ = {isa = PBXBuildFile; fileRef = 11EE70631FEC96F500126EF5 /* NavigationViewController.swift */; };
		11EE706D1FECB2D200126EF5 /* Homepage.storyboard in Resources */ = {isa = PBXBuildFile; fileRef = 11EE706C1FECB2D200126EF5 /* Homepage.storyboard */; };
		11EE70731FECDEF100126EF5 /* HomepageConsultationCell.swift in Sources */ = {isa = PBXBuildFile; fileRef = 11EE70721FECDEF100126EF5 /* HomepageConsultationCell.swift */; };
		11EE70751FECDF0A00126EF5 /* HomepageCycleScrollCell.swift in Sources */ = {isa = PBXBuildFile; fileRef = 11EE70741FECDF0A00126EF5 /* HomepageCycleScrollCell.swift */; };
		11EE70771FECDFDD00126EF5 /* HomepageRegisteredCell.swift in Sources */ = {isa = PBXBuildFile; fileRef = 11EE70761FECDFDD00126EF5 /* HomepageRegisteredCell.swift */; };
		11EE70791FECE03F00126EF5 /* HomepageOtherCell.swift in Sources */ = {isa = PBXBuildFile; fileRef = 11EE70781FECE03F00126EF5 /* HomepageOtherCell.swift */; };
		11EE707B1FECE08F00126EF5 /* HomepageHealthQACell.swift in Sources */ = {isa = PBXBuildFile; fileRef = 11EE707A1FECE08F00126EF5 /* HomepageHealthQACell.swift */; };
		11EF5B5E201EF8F20014C651 /* AlipaySDK.bundle in Resources */ = {isa = PBXBuildFile; fileRef = 11EF5B5C201EF8F10014C651 /* AlipaySDK.bundle */; };
		11EF5B61201EFAAE0014C651 /* libc++.tbd in Frameworks */ = {isa = PBXBuildFile; fileRef = 11EF5B60201EFAAE0014C651 /* libc++.tbd */; };
		11EF5B63201EFABB0014C651 /* libz.tbd in Frameworks */ = {isa = PBXBuildFile; fileRef = 11EF5B62201EFABB0014C651 /* libz.tbd */; };
		11EF5B65201EFAD00014C651 /* SystemConfiguration.framework in Frameworks */ = {isa = PBXBuildFile; fileRef = 11EF5B64201EFAD00014C651 /* SystemConfiguration.framework */; };
		11EF5B67201EFAEC0014C651 /* CoreTelephony.framework in Frameworks */ = {isa = PBXBuildFile; fileRef = 11EF5B66201EFAEC0014C651 /* CoreTelephony.framework */; };
		11EF5B6D201EFB300014C651 /* CoreMotion.framework in Frameworks */ = {isa = PBXBuildFile; fileRef = 11EF5B6C201EFB300014C651 /* CoreMotion.framework */; };
		E5BB167AB82AE5F1643A28C8 /* Pods_CloudHospital.framework in Frameworks */ = {isa = PBXBuildFile; fileRef = CD030B56894E032CCA7BA50A /* Pods_CloudHospital.framework */; };
/* End PBXBuildFile section */

/* Begin PBXContainerItemProxy section */
		111DDF131FE8E4CB00A2C357 /* PBXContainerItemProxy */ = {
			isa = PBXContainerItemProxy;
			containerPortal = 111DDEF61FE8E4CB00A2C357 /* Project object */;
			proxyType = 1;
			remoteGlobalIDString = 111DDEFD1FE8E4CB00A2C357;
			remoteInfo = CloudHospital;
		};
		111DDF1E1FE8E4CB00A2C357 /* PBXContainerItemProxy */ = {
			isa = PBXContainerItemProxy;
			containerPortal = 111DDEF61FE8E4CB00A2C357 /* Project object */;
			proxyType = 1;
			remoteGlobalIDString = 111DDEFD1FE8E4CB00A2C357;
			remoteInfo = CloudHospital;
		};
/* End PBXContainerItemProxy section */

/* Begin PBXFileReference section */
		111590811FF3749A00A6FC7B /* HomepageRequest.swift */ = {isa = PBXFileReference; lastKnownFileType = sourcecode.swift; path = HomepageRequest.swift; sourceTree = "<group>"; };
		111590861FF47AA100A6FC7B /* HomepageModel.swift */ = {isa = PBXFileReference; lastKnownFileType = sourcecode.swift; path = HomepageModel.swift; sourceTree = "<group>"; };
		111DDEFE1FE8E4CB00A2C357 /* CloudHospital.app */ = {isa = PBXFileReference; explicitFileType = wrapper.application; includeInIndex = 0; path = CloudHospital.app; sourceTree = BUILT_PRODUCTS_DIR; };
		111DDF011FE8E4CB00A2C357 /* AppDelegate.swift */ = {isa = PBXFileReference; lastKnownFileType = sourcecode.swift; path = AppDelegate.swift; sourceTree = "<group>"; };
		111DDF061FE8E4CB00A2C357 /* Base */ = {isa = PBXFileReference; lastKnownFileType = file.storyboard; name = Base; path = Base.lproj/Main.storyboard; sourceTree = "<group>"; };
		111DDF081FE8E4CB00A2C357 /* Assets.xcassets */ = {isa = PBXFileReference; lastKnownFileType = folder.assetcatalog; path = Assets.xcassets; sourceTree = "<group>"; };
		111DDF0B1FE8E4CB00A2C357 /* Base */ = {isa = PBXFileReference; lastKnownFileType = file.storyboard; name = Base; path = Base.lproj/LaunchScreen.storyboard; sourceTree = "<group>"; };
		111DDF0D1FE8E4CB00A2C357 /* Info.plist */ = {isa = PBXFileReference; lastKnownFileType = text.plist.xml; path = Info.plist; sourceTree = "<group>"; };
		111DDF121FE8E4CB00A2C357 /* CloudHospitalTests.xctest */ = {isa = PBXFileReference; explicitFileType = wrapper.cfbundle; includeInIndex = 0; path = CloudHospitalTests.xctest; sourceTree = BUILT_PRODUCTS_DIR; };
		111DDF161FE8E4CB00A2C357 /* CloudHospitalTests.swift */ = {isa = PBXFileReference; lastKnownFileType = sourcecode.swift; path = CloudHospitalTests.swift; sourceTree = "<group>"; };
		111DDF181FE8E4CB00A2C357 /* Info.plist */ = {isa = PBXFileReference; lastKnownFileType = text.plist.xml; path = Info.plist; sourceTree = "<group>"; };
		111DDF1D1FE8E4CB00A2C357 /* CloudHospitalUITests.xctest */ = {isa = PBXFileReference; explicitFileType = wrapper.cfbundle; includeInIndex = 0; path = CloudHospitalUITests.xctest; sourceTree = BUILT_PRODUCTS_DIR; };
		111DDF211FE8E4CB00A2C357 /* CloudHospitalUITests.swift */ = {isa = PBXFileReference; lastKnownFileType = sourcecode.swift; path = CloudHospitalUITests.swift; sourceTree = "<group>"; };
		111DDF231FE8E4CB00A2C357 /* Info.plist */ = {isa = PBXFileReference; lastKnownFileType = text.plist.xml; path = Info.plist; sourceTree = "<group>"; };
		11464A3F1FF1E2360016E56E /* BaseNetwork.swift */ = {isa = PBXFileReference; lastKnownFileType = sourcecode.swift; path = BaseNetwork.swift; sourceTree = "<group>"; };
		11464A411FF1E2440016E56E /* BaseRequest.swift */ = {isa = PBXFileReference; lastKnownFileType = sourcecode.swift; path = BaseRequest.swift; sourceTree = "<group>"; };
		1146D943200C9B9500BA467F /* ResponseErrorKind.swift */ = {isa = PBXFileReference; lastKnownFileType = sourcecode.swift; path = ResponseErrorKind.swift; sourceTree = "<group>"; };
		1146D945200C9E2B00BA467F /* String.swift */ = {isa = PBXFileReference; lastKnownFileType = sourcecode.swift; path = String.swift; sourceTree = "<group>"; };
		115C7DB4201B113900213AD9 /* CloudHospital-Bridging-Header.h */ = {isa = PBXFileReference; lastKnownFileType = sourcecode.c.h; path = "CloudHospital-Bridging-Header.h"; sourceTree = "<group>"; };
		115C7DB6201B128D00213AD9 /* CloudAES.cpp */ = {isa = PBXFileReference; lastKnownFileType = sourcecode.cpp.cpp; path = CloudAES.cpp; sourceTree = "<group>"; };
		115C7DB7201B128D00213AD9 /* CloudAES.hpp */ = {isa = PBXFileReference; lastKnownFileType = sourcecode.cpp.h; path = CloudAES.hpp; sourceTree = "<group>"; };
		115C7DB9201B12B800213AD9 /* CloudData.cpp */ = {isa = PBXFileReference; lastKnownFileType = sourcecode.cpp.cpp; path = CloudData.cpp; sourceTree = "<group>"; };
		115C7DBA201B12B800213AD9 /* CloudData.hpp */ = {isa = PBXFileReference; lastKnownFileType = sourcecode.cpp.h; path = CloudData.hpp; sourceTree = "<group>"; };
		115C7DBC201B132C00213AD9 /* CloudRSA.cpp */ = {isa = PBXFileReference; lastKnownFileType = sourcecode.cpp.cpp; path = CloudRSA.cpp; sourceTree = "<group>"; };
		115C7DBD201B132C00213AD9 /* CloudRSA.hpp */ = {isa = PBXFileReference; lastKnownFileType = sourcecode.cpp.h; path = CloudRSA.hpp; sourceTree = "<group>"; };
		115C7DC0201B145C00213AD9 /* core.h */ = {isa = PBXFileReference; fileEncoding = 4; lastKnownFileType = sourcecode.c.h; path = core.h; sourceTree = "<group>"; };
		115C7DC1201B145C00213AD9 /* checked.h */ = {isa = PBXFileReference; fileEncoding = 4; lastKnownFileType = sourcecode.c.h; path = checked.h; sourceTree = "<group>"; };
		115C7DC2201B145C00213AD9 /* unchecked.h */ = {isa = PBXFileReference; fileEncoding = 4; lastKnownFileType = sourcecode.c.h; path = unchecked.h; sourceTree = "<group>"; };
		11659CB11FF33CC1004A8271 /* BaseResponse.swift */ = {isa = PBXFileReference; lastKnownFileType = sourcecode.swift; path = BaseResponse.swift; sourceTree = "<group>"; };
		119196C51FEB989100B304E5 /* HomepageViewController.swift */ = {isa = PBXFileReference; lastKnownFileType = sourcecode.swift; path = HomepageViewController.swift; sourceTree = "<group>"; };
		119196D41FEB9D2F00B304E5 /* MessageViewController.swift */ = {isa = PBXFileReference; lastKnownFileType = sourcecode.swift; path = MessageViewController.swift; sourceTree = "<group>"; };
		119196D61FEB9D4400B304E5 /* ServiceViewController.swift */ = {isa = PBXFileReference; lastKnownFileType = sourcecode.swift; path = ServiceViewController.swift; sourceTree = "<group>"; };
		119196D81FEB9D5900B304E5 /* HealthViewController.swift */ = {isa = PBXFileReference; lastKnownFileType = sourcecode.swift; path = HealthViewController.swift; sourceTree = "<group>"; };
		119196DA1FEB9D9D00B304E5 /* MeViewController.swift */ = {isa = PBXFileReference; lastKnownFileType = sourcecode.swift; path = MeViewController.swift; sourceTree = "<group>"; };
		119196DE1FEBA54C00B304E5 /* TabBarViewController.swift */ = {isa = PBXFileReference; lastKnownFileType = sourcecode.swift; path = TabBarViewController.swift; sourceTree = "<group>"; };
		119217272020226500B4FA47 /* CoreGraphics.framework */ = {isa = PBXFileReference; lastKnownFileType = wrapper.framework; name = CoreGraphics.framework; path = System/Library/Frameworks/CoreGraphics.framework; sourceTree = SDKROOT; };
		119217292020227300B4FA47 /* UIKit.framework */ = {isa = PBXFileReference; lastKnownFileType = wrapper.framework; name = UIKit.framework; path = System/Library/Frameworks/UIKit.framework; sourceTree = SDKROOT; };
		1192172B2020227F00B4FA47 /* Foundation.framework */ = {isa = PBXFileReference; lastKnownFileType = wrapper.framework; name = Foundation.framework; path = System/Library/Frameworks/Foundation.framework; sourceTree = SDKROOT; };
		1192172D2020228900B4FA47 /* CFNetwork.framework */ = {isa = PBXFileReference; lastKnownFileType = wrapper.framework; name = CFNetwork.framework; path = System/Library/Frameworks/CFNetwork.framework; sourceTree = SDKROOT; };
		11921730202024F300B4FA47 /* libcrypto.a */ = {isa = PBXFileReference; lastKnownFileType = archive.ar; path = libcrypto.a; sourceTree = "<group>"; };
		11921731202024F300B4FA47 /* libssl.a */ = {isa = PBXFileReference; lastKnownFileType = archive.ar; path = libssl.a; sourceTree = "<group>"; };
		119217352020250F00B4FA47 /* pem2.h */ = {isa = PBXFileReference; fileEncoding = 4; lastKnownFileType = sourcecode.c.h; path = pem2.h; sourceTree = "<group>"; };
		119217362020250F00B4FA47 /* pem.h */ = {isa = PBXFileReference; fileEncoding = 4; lastKnownFileType = sourcecode.c.h; path = pem.h; sourceTree = "<group>"; };
		119217372020250F00B4FA47 /* ssl3.h */ = {isa = PBXFileReference; fileEncoding = 4; lastKnownFileType = sourcecode.c.h; path = ssl3.h; sourceTree = "<group>"; };
		119217382020250F00B4FA47 /* ossl_typ.h */ = {isa = PBXFileReference; fileEncoding = 4; lastKnownFileType = sourcecode.c.h; path = ossl_typ.h; sourceTree = "<group>"; };
		119217392020250F00B4FA47 /* dtls1.h */ = {isa = PBXFileReference; fileEncoding = 4; lastKnownFileType = sourcecode.c.h; path = dtls1.h; sourceTree = "<group>"; };
		1192173A2020250F00B4FA47 /* err.h */ = {isa = PBXFileReference; fileEncoding = 4; lastKnownFileType = sourcecode.c.h; path = err.h; sourceTree = "<group>"; };
		1192173B2020250F00B4FA47 /* bn.h */ = {isa = PBXFileReference; fileEncoding = 4; lastKnownFileType = sourcecode.c.h; path = bn.h; sourceTree = "<group>"; };
		1192173C2020250F00B4FA47 /* blowfish.h */ = {isa = PBXFileReference; fileEncoding = 4; lastKnownFileType = sourcecode.c.h; path = blowfish.h; sourceTree = "<group>"; };
		1192173D2020250F00B4FA47 /* cms.h */ = {isa = PBXFileReference; fileEncoding = 4; lastKnownFileType = sourcecode.c.h; path = cms.h; sourceTree = "<group>"; };
		1192173E2020250F00B4FA47 /* engine.h */ = {isa = PBXFileReference; fileEncoding = 4; lastKnownFileType = sourcecode.c.h; path = engine.h; sourceTree = "<group>"; };
		1192173F2020250F00B4FA47 /* conf_api.h */ = {isa = PBXFileReference; fileEncoding = 4; lastKnownFileType = sourcecode.c.h; path = conf_api.h; sourceTree = "<group>"; };
		119217402020250F00B4FA47 /* x509.h */ = {isa = PBXFileReference; fileEncoding = 4; lastKnownFileType = sourcecode.c.h; path = x509.h; sourceTree = "<group>"; };
		119217412020250F00B4FA47 /* asn1_mac.h */ = {isa = PBXFileReference; fileEncoding = 4; lastKnownFileType = sourcecode.c.h; path = asn1_mac.h; sourceTree = "<group>"; };
		119217422020250F00B4FA47 /* ui.h */ = {isa = PBXFileReference; fileEncoding = 4; lastKnownFileType = sourcecode.c.h; path = ui.h; sourceTree = "<group>"; };
		119217432020250F00B4FA47 /* kssl.h */ = {isa = PBXFileReference; fileEncoding = 4; lastKnownFileType = sourcecode.c.h; path = kssl.h; sourceTree = "<group>"; };
		119217442020250F00B4FA47 /* sha.h */ = {isa = PBXFileReference; fileEncoding = 4; lastKnownFileType = sourcecode.c.h; path = sha.h; sourceTree = "<group>"; };
		119217452020250F00B4FA47 /* symhacks.h */ = {isa = PBXFileReference; fileEncoding = 4; lastKnownFileType = sourcecode.c.h; path = symhacks.h; sourceTree = "<group>"; };
		119217462020250F00B4FA47 /* asn1.h */ = {isa = PBXFileReference; fileEncoding = 4; lastKnownFileType = sourcecode.c.h; path = asn1.h; sourceTree = "<group>"; };
		119217472020250F00B4FA47 /* opensslconf.h */ = {isa = PBXFileReference; fileEncoding = 4; lastKnownFileType = sourcecode.c.h; path = opensslconf.h; sourceTree = "<group>"; };
		119217482020250F00B4FA47 /* bio.h */ = {isa = PBXFileReference; fileEncoding = 4; lastKnownFileType = sourcecode.c.h; path = bio.h; sourceTree = "<group>"; };
		119217492020250F00B4FA47 /* rc2.h */ = {isa = PBXFileReference; fileEncoding = 4; lastKnownFileType = sourcecode.c.h; path = rc2.h; sourceTree = "<group>"; };
		1192174A2020250F00B4FA47 /* dh.h */ = {isa = PBXFileReference; fileEncoding = 4; lastKnownFileType = sourcecode.c.h; path = dh.h; sourceTree = "<group>"; };
		1192174B2020250F00B4FA47 /* ui_compat.h */ = {isa = PBXFileReference; fileEncoding = 4; lastKnownFileType = sourcecode.c.h; path = ui_compat.h; sourceTree = "<group>"; };
		1192174C2020250F00B4FA47 /* x509v3.h */ = {isa = PBXFileReference; fileEncoding = 4; lastKnownFileType = sourcecode.c.h; path = x509v3.h; sourceTree = "<group>"; };
		1192174D2020250F00B4FA47 /* ssl23.h */ = {isa = PBXFileReference; fileEncoding = 4; lastKnownFileType = sourcecode.c.h; path = ssl23.h; sourceTree = "<group>"; };
		1192174E2020250F00B4FA47 /* conf.h */ = {isa = PBXFileReference; fileEncoding = 4; lastKnownFileType = sourcecode.c.h; path = conf.h; sourceTree = "<group>"; };
		1192174F2020250F00B4FA47 /* md5.h */ = {isa = PBXFileReference; fileEncoding = 4; lastKnownFileType = sourcecode.c.h; path = md5.h; sourceTree = "<group>"; };
		119217502020250F00B4FA47 /* x509_vfy.h */ = {isa = PBXFileReference; fileEncoding = 4; lastKnownFileType = sourcecode.c.h; path = x509_vfy.h; sourceTree = "<group>"; };
		119217512020250F00B4FA47 /* txt_db.h */ = {isa = PBXFileReference; fileEncoding = 4; lastKnownFileType = sourcecode.c.h; path = txt_db.h; sourceTree = "<group>"; };
		119217522020250F00B4FA47 /* safestack.h */ = {isa = PBXFileReference; fileEncoding = 4; lastKnownFileType = sourcecode.c.h; path = safestack.h; sourceTree = "<group>"; };
		119217532020250F00B4FA47 /* ecdsa.h */ = {isa = PBXFileReference; fileEncoding = 4; lastKnownFileType = sourcecode.c.h; path = ecdsa.h; sourceTree = "<group>"; };
		119217542020250F00B4FA47 /* objects.h */ = {isa = PBXFileReference; fileEncoding = 4; lastKnownFileType = sourcecode.c.h; path = objects.h; sourceTree = "<group>"; };
		119217552020250F00B4FA47 /* pkcs12.h */ = {isa = PBXFileReference; fileEncoding = 4; lastKnownFileType = sourcecode.c.h; path = pkcs12.h; sourceTree = "<group>"; };
		119217562020250F00B4FA47 /* crypto.h */ = {isa = PBXFileReference; fileEncoding = 4; lastKnownFileType = sourcecode.c.h; path = crypto.h; sourceTree = "<group>"; };
		119217572020250F00B4FA47 /* opensslv.h */ = {isa = PBXFileReference; fileEncoding = 4; lastKnownFileType = sourcecode.c.h; path = opensslv.h; sourceTree = "<group>"; };
		119217582020250F00B4FA47 /* pkcs7.h */ = {isa = PBXFileReference; fileEncoding = 4; lastKnownFileType = sourcecode.c.h; path = pkcs7.h; sourceTree = "<group>"; };
		119217592020250F00B4FA47 /* obj_mac.h */ = {isa = PBXFileReference; fileEncoding = 4; lastKnownFileType = sourcecode.c.h; path = obj_mac.h; sourceTree = "<group>"; };
		1192175A2020250F00B4FA47 /* buffer.h */ = {isa = PBXFileReference; fileEncoding = 4; lastKnownFileType = sourcecode.c.h; path = buffer.h; sourceTree = "<group>"; };
		1192175B2020250F00B4FA47 /* ssl.h */ = {isa = PBXFileReference; fileEncoding = 4; lastKnownFileType = sourcecode.c.h; path = ssl.h; sourceTree = "<group>"; };
		1192175C2020250F00B4FA47 /* srp.h */ = {isa = PBXFileReference; fileEncoding = 4; lastKnownFileType = sourcecode.c.h; path = srp.h; sourceTree = "<group>"; };
		1192175D2020250F00B4FA47 /* camellia.h */ = {isa = PBXFileReference; fileEncoding = 4; lastKnownFileType = sourcecode.c.h; path = camellia.h; sourceTree = "<group>"; };
		1192175E2020250F00B4FA47 /* evp.h */ = {isa = PBXFileReference; fileEncoding = 4; lastKnownFileType = sourcecode.c.h; path = evp.h; sourceTree = "<group>"; };
		1192175F2020250F00B4FA47 /* e_os2.h */ = {isa = PBXFileReference; fileEncoding = 4; lastKnownFileType = sourcecode.c.h; path = e_os2.h; sourceTree = "<group>"; };
		119217602020250F00B4FA47 /* md4.h */ = {isa = PBXFileReference; fileEncoding = 4; lastKnownFileType = sourcecode.c.h; path = md4.h; sourceTree = "<group>"; };
		119217612020250F00B4FA47 /* hmac.h */ = {isa = PBXFileReference; fileEncoding = 4; lastKnownFileType = sourcecode.c.h; path = hmac.h; sourceTree = "<group>"; };
		119217622020250F00B4FA47 /* aes.h */ = {isa = PBXFileReference; fileEncoding = 4; lastKnownFileType = sourcecode.c.h; path = aes.h; sourceTree = "<group>"; };
		119217632020250F00B4FA47 /* comp.h */ = {isa = PBXFileReference; fileEncoding = 4; lastKnownFileType = sourcecode.c.h; path = comp.h; sourceTree = "<group>"; };
		119217642020250F00B4FA47 /* cast.h */ = {isa = PBXFileReference; fileEncoding = 4; lastKnownFileType = sourcecode.c.h; path = cast.h; sourceTree = "<group>"; };
		119217652020250F00B4FA47 /* rc4.h */ = {isa = PBXFileReference; fileEncoding = 4; lastKnownFileType = sourcecode.c.h; path = rc4.h; sourceTree = "<group>"; };
		119217662020250F00B4FA47 /* stack.h */ = {isa = PBXFileReference; fileEncoding = 4; lastKnownFileType = sourcecode.c.h; path = stack.h; sourceTree = "<group>"; };
		119217672020250F00B4FA47 /* des.h */ = {isa = PBXFileReference; fileEncoding = 4; lastKnownFileType = sourcecode.c.h; path = des.h; sourceTree = "<group>"; };
		119217682020250F00B4FA47 /* ocsp.h */ = {isa = PBXFileReference; fileEncoding = 4; lastKnownFileType = sourcecode.c.h; path = ocsp.h; sourceTree = "<group>"; };
		119217692020250F00B4FA47 /* ec.h */ = {isa = PBXFileReference; fileEncoding = 4; lastKnownFileType = sourcecode.c.h; path = ec.h; sourceTree = "<group>"; };
		1192176A2020250F00B4FA47 /* ecdh.h */ = {isa = PBXFileReference; fileEncoding = 4; lastKnownFileType = sourcecode.c.h; path = ecdh.h; sourceTree = "<group>"; };
		1192176B2020250F00B4FA47 /* rand.h */ = {isa = PBXFileReference; fileEncoding = 4; lastKnownFileType = sourcecode.c.h; path = rand.h; sourceTree = "<group>"; };
		1192176C2020250F00B4FA47 /* ts.h */ = {isa = PBXFileReference; fileEncoding = 4; lastKnownFileType = sourcecode.c.h; path = ts.h; sourceTree = "<group>"; };
		1192176D2020250F00B4FA47 /* pqueue.h */ = {isa = PBXFileReference; fileEncoding = 4; lastKnownFileType = sourcecode.c.h; path = pqueue.h; sourceTree = "<group>"; };
		1192176E2020250F00B4FA47 /* dso.h */ = {isa = PBXFileReference; fileEncoding = 4; lastKnownFileType = sourcecode.c.h; path = dso.h; sourceTree = "<group>"; };
		1192176F2020250F00B4FA47 /* seed.h */ = {isa = PBXFileReference; fileEncoding = 4; lastKnownFileType = sourcecode.c.h; path = seed.h; sourceTree = "<group>"; };
		119217702020250F00B4FA47 /* modes.h */ = {isa = PBXFileReference; fileEncoding = 4; lastKnownFileType = sourcecode.c.h; path = modes.h; sourceTree = "<group>"; };
		119217712020251000B4FA47 /* ssl2.h */ = {isa = PBXFileReference; fileEncoding = 4; lastKnownFileType = sourcecode.c.h; path = ssl2.h; sourceTree = "<group>"; };
		119217722020251000B4FA47 /* rsa.h */ = {isa = PBXFileReference; fileEncoding = 4; lastKnownFileType = sourcecode.c.h; path = rsa.h; sourceTree = "<group>"; };
		119217732020251000B4FA47 /* krb5_asn.h */ = {isa = PBXFileReference; fileEncoding = 4; lastKnownFileType = sourcecode.c.h; path = krb5_asn.h; sourceTree = "<group>"; };
		119217742020251000B4FA47 /* des_old.h */ = {isa = PBXFileReference; fileEncoding = 4; lastKnownFileType = sourcecode.c.h; path = des_old.h; sourceTree = "<group>"; };
		119217752020251000B4FA47 /* ripemd.h */ = {isa = PBXFileReference; fileEncoding = 4; lastKnownFileType = sourcecode.c.h; path = ripemd.h; sourceTree = "<group>"; };
		119217762020251000B4FA47 /* whrlpool.h */ = {isa = PBXFileReference; fileEncoding = 4; lastKnownFileType = sourcecode.c.h; path = whrlpool.h; sourceTree = "<group>"; };
		119217772020251000B4FA47 /* tls1.h */ = {isa = PBXFileReference; fileEncoding = 4; lastKnownFileType = sourcecode.c.h; path = tls1.h; sourceTree = "<group>"; };
		119217782020251000B4FA47 /* mdc2.h */ = {isa = PBXFileReference; fileEncoding = 4; lastKnownFileType = sourcecode.c.h; path = mdc2.h; sourceTree = "<group>"; };
		119217792020251000B4FA47 /* dsa.h */ = {isa = PBXFileReference; fileEncoding = 4; lastKnownFileType = sourcecode.c.h; path = dsa.h; sourceTree = "<group>"; };
		1192177A2020251000B4FA47 /* srtp.h */ = {isa = PBXFileReference; fileEncoding = 4; lastKnownFileType = sourcecode.c.h; path = srtp.h; sourceTree = "<group>"; };
		1192177B2020251000B4FA47 /* asn1t.h */ = {isa = PBXFileReference; fileEncoding = 4; lastKnownFileType = sourcecode.c.h; path = asn1t.h; sourceTree = "<group>"; };
		1192177C2020251000B4FA47 /* cmac.h */ = {isa = PBXFileReference; fileEncoding = 4; lastKnownFileType = sourcecode.c.h; path = cmac.h; sourceTree = "<group>"; };
		1192177D2020251000B4FA47 /* ebcdic.h */ = {isa = PBXFileReference; fileEncoding = 4; lastKnownFileType = sourcecode.c.h; path = ebcdic.h; sourceTree = "<group>"; };
		1192177E2020251000B4FA47 /* idea.h */ = {isa = PBXFileReference; fileEncoding = 4; lastKnownFileType = sourcecode.c.h; path = idea.h; sourceTree = "<group>"; };
		1192177F2020251000B4FA47 /* lhash.h */ = {isa = PBXFileReference; fileEncoding = 4; lastKnownFileType = sourcecode.c.h; path = lhash.h; sourceTree = "<group>"; };
		11921787202052C600B4FA47 /* CloudRSAKeyPair.cpp */ = {isa = PBXFileReference; lastKnownFileType = sourcecode.cpp.cpp; path = CloudRSAKeyPair.cpp; sourceTree = "<group>"; };
		11921788202052C600B4FA47 /* CloudRSAKeyPair.hpp */ = {isa = PBXFileReference; lastKnownFileType = sourcecode.cpp.h; path = CloudRSAKeyPair.hpp; sourceTree = "<group>"; };
		1192178D202077A300B4FA47 /* Converter.h */ = {isa = PBXFileReference; lastKnownFileType = sourcecode.c.h; path = Converter.h; sourceTree = "<group>"; };
		1192178E202077A300B4FA47 /* Converter.mm */ = {isa = PBXFileReference; lastKnownFileType = sourcecode.cpp.objcpp; path = Converter.mm; sourceTree = "<group>"; };
		119B13931FFF0E6C00F8F535 /* Configuration.swift */ = {isa = PBXFileReference; lastKnownFileType = sourcecode.swift; path = Configuration.swift; sourceTree = "<group>"; };
		119B13951FFF0E8800F8F535 /* DataManager.swift */ = {isa = PBXFileReference; lastKnownFileType = sourcecode.swift; path = DataManager.swift; sourceTree = "<group>"; };
		119B13971FFF0EB100F8F535 /* UIColor.swift */ = {isa = PBXFileReference; lastKnownFileType = sourcecode.swift; path = UIColor.swift; sourceTree = "<group>"; };
		119B13991FFF0ECA00F8F535 /* DispatchQueue.swift */ = {isa = PBXFileReference; lastKnownFileType = sourcecode.swift; path = DispatchQueue.swift; sourceTree = "<group>"; };
		11A8B1852007427700B4DFAD /* Router.swift */ = {isa = PBXFileReference; lastKnownFileType = sourcecode.swift; path = Router.swift; sourceTree = "<group>"; };
		11A8B18720075A8900B4DFAD /* Resource.swift */ = {isa = PBXFileReference; lastKnownFileType = sourcecode.swift; path = Resource.swift; sourceTree = "<group>"; };
		11EE70631FEC96F500126EF5 /* NavigationViewController.swift */ = {isa = PBXFileReference; lastKnownFileType = sourcecode.swift; path = NavigationViewController.swift; sourceTree = "<group>"; };
		11EE706C1FECB2D200126EF5 /* Homepage.storyboard */ = {isa = PBXFileReference; lastKnownFileType = file.storyboard; path = Homepage.storyboard; sourceTree = "<group>"; };
		11EE70721FECDEF100126EF5 /* HomepageConsultationCell.swift */ = {isa = PBXFileReference; lastKnownFileType = sourcecode.swift; path = HomepageConsultationCell.swift; sourceTree = "<group>"; };
		11EE70741FECDF0A00126EF5 /* HomepageCycleScrollCell.swift */ = {isa = PBXFileReference; lastKnownFileType = sourcecode.swift; path = HomepageCycleScrollCell.swift; sourceTree = "<group>"; };
		11EE70761FECDFDD00126EF5 /* HomepageRegisteredCell.swift */ = {isa = PBXFileReference; lastKnownFileType = sourcecode.swift; path = HomepageRegisteredCell.swift; sourceTree = "<group>"; };
		11EE70781FECE03F00126EF5 /* HomepageOtherCell.swift */ = {isa = PBXFileReference; lastKnownFileType = sourcecode.swift; path = HomepageOtherCell.swift; sourceTree = "<group>"; };
		11EE707A1FECE08F00126EF5 /* HomepageHealthQACell.swift */ = {isa = PBXFileReference; lastKnownFileType = sourcecode.swift; path = HomepageHealthQACell.swift; sourceTree = "<group>"; };
		11EF5B5C201EF8F10014C651 /* AlipaySDK.bundle */ = {isa = PBXFileReference; lastKnownFileType = "wrapper.plug-in"; path = AlipaySDK.bundle; sourceTree = "<group>"; };
		11EF5B5D201EF8F20014C651 /* AlipaySDK.framework */ = {isa = PBXFileReference; lastKnownFileType = wrapper.framework; path = AlipaySDK.framework; sourceTree = "<group>"; };
		11EF5B60201EFAAE0014C651 /* libc++.tbd */ = {isa = PBXFileReference; lastKnownFileType = "sourcecode.text-based-dylib-definition"; name = "libc++.tbd"; path = "usr/lib/libc++.tbd"; sourceTree = SDKROOT; };
		11EF5B62201EFABB0014C651 /* libz.tbd */ = {isa = PBXFileReference; lastKnownFileType = "sourcecode.text-based-dylib-definition"; name = libz.tbd; path = usr/lib/libz.tbd; sourceTree = SDKROOT; };
		11EF5B64201EFAD00014C651 /* SystemConfiguration.framework */ = {isa = PBXFileReference; lastKnownFileType = wrapper.framework; name = SystemConfiguration.framework; path = System/Library/Frameworks/SystemConfiguration.framework; sourceTree = SDKROOT; };
		11EF5B66201EFAEC0014C651 /* CoreTelephony.framework */ = {isa = PBXFileReference; lastKnownFileType = wrapper.framework; name = CoreTelephony.framework; path = System/Library/Frameworks/CoreTelephony.framework; sourceTree = SDKROOT; };
		11EF5B68201EFB040014C651 /* QuartzCore.framework */ = {isa = PBXFileReference; lastKnownFileType = wrapper.framework; name = QuartzCore.framework; path = System/Library/Frameworks/QuartzCore.framework; sourceTree = SDKROOT; };
		11EF5B6A201EFB170014C651 /* CoreText.framework */ = {isa = PBXFileReference; lastKnownFileType = wrapper.framework; name = CoreText.framework; path = System/Library/Frameworks/CoreText.framework; sourceTree = SDKROOT; };
		11EF5B6C201EFB300014C651 /* CoreMotion.framework */ = {isa = PBXFileReference; lastKnownFileType = wrapper.framework; name = CoreMotion.framework; path = System/Library/Frameworks/CoreMotion.framework; sourceTree = SDKROOT; };
		28EE016071FBC864D52142D7 /* Pods-CloudHospital.debug.xcconfig */ = {isa = PBXFileReference; includeInIndex = 1; lastKnownFileType = text.xcconfig; name = "Pods-CloudHospital.debug.xcconfig"; path = "Pods/Target Support Files/Pods-CloudHospital/Pods-CloudHospital.debug.xcconfig"; sourceTree = "<group>"; };
		60C344C8C585374FC92B4657 /* Pods-CloudHospital.release.xcconfig */ = {isa = PBXFileReference; includeInIndex = 1; lastKnownFileType = text.xcconfig; name = "Pods-CloudHospital.release.xcconfig"; path = "Pods/Target Support Files/Pods-CloudHospital/Pods-CloudHospital.release.xcconfig"; sourceTree = "<group>"; };
		CD030B56894E032CCA7BA50A /* Pods_CloudHospital.framework */ = {isa = PBXFileReference; explicitFileType = wrapper.framework; includeInIndex = 0; path = Pods_CloudHospital.framework; sourceTree = BUILT_PRODUCTS_DIR; };
/* End PBXFileReference section */

/* Begin PBXFrameworksBuildPhase section */
		111DDEFB1FE8E4CB00A2C357 /* Frameworks */ = {
			isa = PBXFrameworksBuildPhase;
			buildActionMask = 2147483647;
			files = (
				1192172F202022AF00B4FA47 /* AlipaySDK.framework in Frameworks */,
				1192172E2020228900B4FA47 /* CFNetwork.framework in Frameworks */,
				1192172C2020227F00B4FA47 /* Foundation.framework in Frameworks */,
				1192172A2020227300B4FA47 /* UIKit.framework in Frameworks */,
				119217282020226500B4FA47 /* CoreGraphics.framework in Frameworks */,
				11921733202024F400B4FA47 /* libssl.a in Frameworks */,
				119217262020225600B4FA47 /* CoreText.framework in Frameworks */,
				11921732202024F400B4FA47 /* libcrypto.a in Frameworks */,
				119217252020224900B4FA47 /* QuartzCore.framework in Frameworks */,
				11EF5B6D201EFB300014C651 /* CoreMotion.framework in Frameworks */,
				11EF5B67201EFAEC0014C651 /* CoreTelephony.framework in Frameworks */,
				11EF5B65201EFAD00014C651 /* SystemConfiguration.framework in Frameworks */,
				11EF5B63201EFABB0014C651 /* libz.tbd in Frameworks */,
				11EF5B61201EFAAE0014C651 /* libc++.tbd in Frameworks */,
				E5BB167AB82AE5F1643A28C8 /* Pods_CloudHospital.framework in Frameworks */,
			);
			runOnlyForDeploymentPostprocessing = 0;
		};
		111DDF0F1FE8E4CB00A2C357 /* Frameworks */ = {
			isa = PBXFrameworksBuildPhase;
			buildActionMask = 2147483647;
			files = (
			);
			runOnlyForDeploymentPostprocessing = 0;
		};
		111DDF1A1FE8E4CB00A2C357 /* Frameworks */ = {
			isa = PBXFrameworksBuildPhase;
			buildActionMask = 2147483647;
			files = (
			);
			runOnlyForDeploymentPostprocessing = 0;
		};
/* End PBXFrameworksBuildPhase section */

/* Begin PBXGroup section */
		1108F75920037433006DF3CD /* Protocols */ = {
			isa = PBXGroup;
			children = (
			);
			path = Protocols;
			sourceTree = "<group>";
		};
		1108F75A2003745D006DF3CD /* Protocols */ = {
			isa = PBXGroup;
			children = (
			);
			path = Protocols;
			sourceTree = "<group>";
		};
		1108F75B20037465006DF3CD /* ViewModels */ = {
			isa = PBXGroup;
			children = (
			);
			path = ViewModels;
			sourceTree = "<group>";
		};
		111DDEF51FE8E4CB00A2C357 = {
			isa = PBXGroup;
			children = (
				115C7DB4201B113900213AD9 /* CloudHospital-Bridging-Header.h */,
				111DDF001FE8E4CB00A2C357 /* CloudHospital */,
				111DDF151FE8E4CB00A2C357 /* CloudHospitalTests */,
				111DDF201FE8E4CB00A2C357 /* CloudHospitalUITests */,
				111DDEFF1FE8E4CB00A2C357 /* Products */,
				8A72ED64D64EF94B1722232B /* Pods */,
				49E9680278A4E88C283C359E /* Frameworks */,
			);
			sourceTree = "<group>";
		};
		111DDEFF1FE8E4CB00A2C357 /* Products */ = {
			isa = PBXGroup;
			children = (
				111DDEFE1FE8E4CB00A2C357 /* CloudHospital.app */,
				111DDF121FE8E4CB00A2C357 /* CloudHospitalTests.xctest */,
				111DDF1D1FE8E4CB00A2C357 /* CloudHospitalUITests.xctest */,
			);
			name = Products;
			sourceTree = "<group>";
		};
		111DDF001FE8E4CB00A2C357 /* CloudHospital */ = {
			isa = PBXGroup;
			children = (
				11EF5B5A201ECF700014C651 /* Thirdparty */,
				115C7DB5201B124500213AD9 /* CPlusPlus */,
				115C7DB0201B102B00213AD9 /* ObjectiveC */,
				1108F75920037433006DF3CD /* Protocols */,
				119B13901FFF0DBA00F8F535 /* Configuration */,
				119B138F1FFF0DAA00F8F535 /* Manager */,
				119B13871FFF0BDA00F8F535 /* Models */,
				119B13861FFF0BCF00F8F535 /* Storyboards */,
				119B13851FFF0BC200F8F535 /* Viewcontrollers */,
				119B13841FFF0BA000F8F535 /* Extensions */,
				119B13831FFF0B7500F8F535 /* Delegates */,
				119B13911FFF0DCC00F8F535 /* SupportingFiles */,
				119B138E1FFF0D8800F8F535 /* Resources */,
			);
			path = CloudHospital;
			sourceTree = "<group>";
		};
		111DDF151FE8E4CB00A2C357 /* CloudHospitalTests */ = {
			isa = PBXGroup;
			children = (
				111DDF161FE8E4CB00A2C357 /* CloudHospitalTests.swift */,
				111DDF181FE8E4CB00A2C357 /* Info.plist */,
			);
			path = CloudHospitalTests;
			sourceTree = "<group>";
		};
		111DDF201FE8E4CB00A2C357 /* CloudHospitalUITests */ = {
			isa = PBXGroup;
			children = (
				111DDF211FE8E4CB00A2C357 /* CloudHospitalUITests.swift */,
				111DDF231FE8E4CB00A2C357 /* Info.plist */,
			);
			path = CloudHospitalUITests;
			sourceTree = "<group>";
		};
		115C7DB0201B102B00213AD9 /* ObjectiveC */ = {
			isa = PBXGroup;
			children = (
				1192178D202077A300B4FA47 /* Converter.h */,
				1192178E202077A300B4FA47 /* Converter.mm */,
			);
			path = ObjectiveC;
			sourceTree = "<group>";
		};
		115C7DB5201B124500213AD9 /* CPlusPlus */ = {
			isa = PBXGroup;
			children = (
				115C7DB6201B128D00213AD9 /* CloudAES.cpp */,
				115C7DB7201B128D00213AD9 /* CloudAES.hpp */,
				115C7DB9201B12B800213AD9 /* CloudData.cpp */,
				115C7DBA201B12B800213AD9 /* CloudData.hpp */,
				115C7DBC201B132C00213AD9 /* CloudRSA.cpp */,
				115C7DBD201B132C00213AD9 /* CloudRSA.hpp */,
				11921787202052C600B4FA47 /* CloudRSAKeyPair.cpp */,
				11921788202052C600B4FA47 /* CloudRSAKeyPair.hpp */,
				115C7DBF201B142E00213AD9 /* utf8 */,
			);
			path = CPlusPlus;
			sourceTree = "<group>";
		};
		115C7DBF201B142E00213AD9 /* utf8 */ = {
			isa = PBXGroup;
			children = (
				115C7DC1201B145C00213AD9 /* checked.h */,
				115C7DC0201B145C00213AD9 /* core.h */,
				115C7DC2201B145C00213AD9 /* unchecked.h */,
			);
			path = utf8;
			sourceTree = "<group>";
		};
		119217342020250F00B4FA47 /* openssl */ = {
			isa = PBXGroup;
			children = (
				119217352020250F00B4FA47 /* pem2.h */,
				119217362020250F00B4FA47 /* pem.h */,
				119217372020250F00B4FA47 /* ssl3.h */,
				119217382020250F00B4FA47 /* ossl_typ.h */,
				119217392020250F00B4FA47 /* dtls1.h */,
				1192173A2020250F00B4FA47 /* err.h */,
				1192173B2020250F00B4FA47 /* bn.h */,
				1192173C2020250F00B4FA47 /* blowfish.h */,
				1192173D2020250F00B4FA47 /* cms.h */,
				1192173E2020250F00B4FA47 /* engine.h */,
				1192173F2020250F00B4FA47 /* conf_api.h */,
				119217402020250F00B4FA47 /* x509.h */,
				119217412020250F00B4FA47 /* asn1_mac.h */,
				119217422020250F00B4FA47 /* ui.h */,
				119217432020250F00B4FA47 /* kssl.h */,
				119217442020250F00B4FA47 /* sha.h */,
				119217452020250F00B4FA47 /* symhacks.h */,
				119217462020250F00B4FA47 /* asn1.h */,
				119217472020250F00B4FA47 /* opensslconf.h */,
				119217482020250F00B4FA47 /* bio.h */,
				119217492020250F00B4FA47 /* rc2.h */,
				1192174A2020250F00B4FA47 /* dh.h */,
				1192174B2020250F00B4FA47 /* ui_compat.h */,
				1192174C2020250F00B4FA47 /* x509v3.h */,
				1192174D2020250F00B4FA47 /* ssl23.h */,
				1192174E2020250F00B4FA47 /* conf.h */,
				1192174F2020250F00B4FA47 /* md5.h */,
				119217502020250F00B4FA47 /* x509_vfy.h */,
				119217512020250F00B4FA47 /* txt_db.h */,
				119217522020250F00B4FA47 /* safestack.h */,
				119217532020250F00B4FA47 /* ecdsa.h */,
				119217542020250F00B4FA47 /* objects.h */,
				119217552020250F00B4FA47 /* pkcs12.h */,
				119217562020250F00B4FA47 /* crypto.h */,
				119217572020250F00B4FA47 /* opensslv.h */,
				119217582020250F00B4FA47 /* pkcs7.h */,
				119217592020250F00B4FA47 /* obj_mac.h */,
				1192175A2020250F00B4FA47 /* buffer.h */,
				1192175B2020250F00B4FA47 /* ssl.h */,
				1192175C2020250F00B4FA47 /* srp.h */,
				1192175D2020250F00B4FA47 /* camellia.h */,
				1192175E2020250F00B4FA47 /* evp.h */,
				1192175F2020250F00B4FA47 /* e_os2.h */,
				119217602020250F00B4FA47 /* md4.h */,
				119217612020250F00B4FA47 /* hmac.h */,
				119217622020250F00B4FA47 /* aes.h */,
				119217632020250F00B4FA47 /* comp.h */,
				119217642020250F00B4FA47 /* cast.h */,
				119217652020250F00B4FA47 /* rc4.h */,
				119217662020250F00B4FA47 /* stack.h */,
				119217672020250F00B4FA47 /* des.h */,
				119217682020250F00B4FA47 /* ocsp.h */,
				119217692020250F00B4FA47 /* ec.h */,
				1192176A2020250F00B4FA47 /* ecdh.h */,
				1192176B2020250F00B4FA47 /* rand.h */,
				1192176C2020250F00B4FA47 /* ts.h */,
				1192176D2020250F00B4FA47 /* pqueue.h */,
				1192176E2020250F00B4FA47 /* dso.h */,
				1192176F2020250F00B4FA47 /* seed.h */,
				119217702020250F00B4FA47 /* modes.h */,
				119217712020251000B4FA47 /* ssl2.h */,
				119217722020251000B4FA47 /* rsa.h */,
				119217732020251000B4FA47 /* krb5_asn.h */,
				119217742020251000B4FA47 /* des_old.h */,
				119217752020251000B4FA47 /* ripemd.h */,
				119217762020251000B4FA47 /* whrlpool.h */,
				119217772020251000B4FA47 /* tls1.h */,
				119217782020251000B4FA47 /* mdc2.h */,
				119217792020251000B4FA47 /* dsa.h */,
				1192177A2020251000B4FA47 /* srtp.h */,
				1192177B2020251000B4FA47 /* asn1t.h */,
				1192177C2020251000B4FA47 /* cmac.h */,
				1192177D2020251000B4FA47 /* ebcdic.h */,
				1192177E2020251000B4FA47 /* idea.h */,
				1192177F2020251000B4FA47 /* lhash.h */,
			);
			path = openssl;
			sourceTree = "<group>";
		};
		119B13831FFF0B7500F8F535 /* Delegates */ = {
			isa = PBXGroup;
			children = (
				119196DE1FEBA54C00B304E5 /* TabBarViewController.swift */,
				11EE70631FEC96F500126EF5 /* NavigationViewController.swift */,
				111DDF011FE8E4CB00A2C357 /* AppDelegate.swift */,
			);
			path = Delegates;
			sourceTree = "<group>";
		};
		119B13841FFF0BA000F8F535 /* Extensions */ = {
			isa = PBXGroup;
			children = (
				119B13971FFF0EB100F8F535 /* UIColor.swift */,
				119B13991FFF0ECA00F8F535 /* DispatchQueue.swift */,
				1146D945200C9E2B00BA467F /* String.swift */,
			);
			path = Extensions;
			sourceTree = "<group>";
		};
		119B13851FFF0BC200F8F535 /* Viewcontrollers */ = {
			isa = PBXGroup;
			children = (
				119B138C1FFF0CBE00F8F535 /* MessageViewControllers */,
				119B13881FFF0C1300F8F535 /* HomepageViewControllers */,
			);
			path = Viewcontrollers;
			sourceTree = "<group>";
		};
		119B13861FFF0BCF00F8F535 /* Storyboards */ = {
			isa = PBXGroup;
			children = (
				111DDF051FE8E4CB00A2C357 /* Main.storyboard */,
				11EE706C1FECB2D200126EF5 /* Homepage.storyboard */,
			);
			path = Storyboards;
			sourceTree = "<group>";
		};
		119B13871FFF0BDA00F8F535 /* Models */ = {
			isa = PBXGroup;
			children = (
				111590861FF47AA100A6FC7B /* HomepageModel.swift */,
				111590811FF3749A00A6FC7B /* HomepageRequest.swift */,
				11464A3F1FF1E2360016E56E /* BaseNetwork.swift */,
				11464A411FF1E2440016E56E /* BaseRequest.swift */,
				11659CB11FF33CC1004A8271 /* BaseResponse.swift */,
			);
			path = Models;
			sourceTree = "<group>";
		};
		119B13881FFF0C1300F8F535 /* HomepageViewControllers */ = {
			isa = PBXGroup;
			children = (
				1108F75A2003745D006DF3CD /* Protocols */,
				119B13891FFF0C5A00F8F535 /* TableViewCells */,
				1108F75B20037465006DF3CD /* ViewModels */,
				119196C51FEB989100B304E5 /* HomepageViewController.swift */,
			);
			path = HomepageViewControllers;
			sourceTree = "<group>";
		};
		119B13891FFF0C5A00F8F535 /* TableViewCells */ = {
			isa = PBXGroup;
			children = (
				11EE70741FECDF0A00126EF5 /* HomepageCycleScrollCell.swift */,
				11EE70721FECDEF100126EF5 /* HomepageConsultationCell.swift */,
				11EE70761FECDFDD00126EF5 /* HomepageRegisteredCell.swift */,
				11EE70781FECE03F00126EF5 /* HomepageOtherCell.swift */,
				11EE707A1FECE08F00126EF5 /* HomepageHealthQACell.swift */,
			);
			path = TableViewCells;
			sourceTree = "<group>";
		};
		119B138C1FFF0CBE00F8F535 /* MessageViewControllers */ = {
			isa = PBXGroup;
			children = (
				119196D41FEB9D2F00B304E5 /* MessageViewController.swift */,
				119196DA1FEB9D9D00B304E5 /* MeViewController.swift */,
				119196D81FEB9D5900B304E5 /* HealthViewController.swift */,
				119196D61FEB9D4400B304E5 /* ServiceViewController.swift */,
			);
			path = MessageViewControllers;
			sourceTree = "<group>";
		};
		119B138E1FFF0D8800F8F535 /* Resources */ = {
			isa = PBXGroup;
			children = (
				111DDF081FE8E4CB00A2C357 /* Assets.xcassets */,
			);
			path = Resources;
			sourceTree = "<group>";
		};
		119B138F1FFF0DAA00F8F535 /* Manager */ = {
			isa = PBXGroup;
			children = (
				119B13951FFF0E8800F8F535 /* DataManager.swift */,
				11A8B1852007427700B4DFAD /* Router.swift */,
				1146D943200C9B9500BA467F /* ResponseErrorKind.swift */,
			);
			path = Manager;
			sourceTree = "<group>";
		};
		119B13901FFF0DBA00F8F535 /* Configuration */ = {
			isa = PBXGroup;
			children = (
				119B13931FFF0E6C00F8F535 /* Configuration.swift */,
				11A8B18720075A8900B4DFAD /* Resource.swift */,
			);
			path = Configuration;
			sourceTree = "<group>";
		};
		119B13911FFF0DCC00F8F535 /* SupportingFiles */ = {
			isa = PBXGroup;
			children = (
				111DDF0A1FE8E4CB00A2C357 /* LaunchScreen.storyboard */,
				111DDF0D1FE8E4CB00A2C357 /* Info.plist */,
			);
			path = SupportingFiles;
			sourceTree = "<group>";
		};
		11EF5B5A201ECF700014C651 /* Thirdparty */ = {
			isa = PBXGroup;
			children = (
				11EF5B5B201EF8DF0014C651 /* AlipaySDK */,
			);
			path = Thirdparty;
			sourceTree = "<group>";
		};
		11EF5B5B201EF8DF0014C651 /* AlipaySDK */ = {
			isa = PBXGroup;
			children = (
				119217342020250F00B4FA47 /* openssl */,
				11921730202024F300B4FA47 /* libcrypto.a */,
				11921731202024F300B4FA47 /* libssl.a */,
				11EF5B5C201EF8F10014C651 /* AlipaySDK.bundle */,
				11EF5B5D201EF8F20014C651 /* AlipaySDK.framework */,
			);
			path = AlipaySDK;
			sourceTree = "<group>";
		};
		49E9680278A4E88C283C359E /* Frameworks */ = {
			isa = PBXGroup;
			children = (
				1192172D2020228900B4FA47 /* CFNetwork.framework */,
				1192172B2020227F00B4FA47 /* Foundation.framework */,
				119217292020227300B4FA47 /* UIKit.framework */,
				119217272020226500B4FA47 /* CoreGraphics.framework */,
				11EF5B6C201EFB300014C651 /* CoreMotion.framework */,
				11EF5B6A201EFB170014C651 /* CoreText.framework */,
				11EF5B68201EFB040014C651 /* QuartzCore.framework */,
				11EF5B66201EFAEC0014C651 /* CoreTelephony.framework */,
				11EF5B64201EFAD00014C651 /* SystemConfiguration.framework */,
				11EF5B62201EFABB0014C651 /* libz.tbd */,
				11EF5B60201EFAAE0014C651 /* libc++.tbd */,
				CD030B56894E032CCA7BA50A /* Pods_CloudHospital.framework */,
			);
			name = Frameworks;
			sourceTree = "<group>";
		};
		8A72ED64D64EF94B1722232B /* Pods */ = {
			isa = PBXGroup;
			children = (
				28EE016071FBC864D52142D7 /* Pods-CloudHospital.debug.xcconfig */,
				60C344C8C585374FC92B4657 /* Pods-CloudHospital.release.xcconfig */,
			);
			name = Pods;
			sourceTree = "<group>";
		};
/* End PBXGroup section */

/* Begin PBXNativeTarget section */
		111DDEFD1FE8E4CB00A2C357 /* CloudHospital */ = {
			isa = PBXNativeTarget;
			buildConfigurationList = 111DDF261FE8E4CB00A2C357 /* Build configuration list for PBXNativeTarget "CloudHospital" */;
			buildPhases = (
				D20E65999D837BFC38DF8F05 /* [CP] Check Pods Manifest.lock */,
				111DDEFA1FE8E4CB00A2C357 /* Sources */,
				111DDEFB1FE8E4CB00A2C357 /* Frameworks */,
				111DDEFC1FE8E4CB00A2C357 /* Resources */,
				D3A8BD974432DBA6C6A3426F /* [CP] Embed Pods Frameworks */,
				0D1B078F10C374E868C2E427 /* [CP] Copy Pods Resources */,
			);
			buildRules = (
			);
			dependencies = (
			);
			name = CloudHospital;
			productName = CloudHospital;
			productReference = 111DDEFE1FE8E4CB00A2C357 /* CloudHospital.app */;
			productType = "com.apple.product-type.application";
		};
		111DDF111FE8E4CB00A2C357 /* CloudHospitalTests */ = {
			isa = PBXNativeTarget;
			buildConfigurationList = 111DDF291FE8E4CB00A2C357 /* Build configuration list for PBXNativeTarget "CloudHospitalTests" */;
			buildPhases = (
				111DDF0E1FE8E4CB00A2C357 /* Sources */,
				111DDF0F1FE8E4CB00A2C357 /* Frameworks */,
				111DDF101FE8E4CB00A2C357 /* Resources */,
			);
			buildRules = (
			);
			dependencies = (
				111DDF141FE8E4CB00A2C357 /* PBXTargetDependency */,
			);
			name = CloudHospitalTests;
			productName = CloudHospitalTests;
			productReference = 111DDF121FE8E4CB00A2C357 /* CloudHospitalTests.xctest */;
			productType = "com.apple.product-type.bundle.unit-test";
		};
		111DDF1C1FE8E4CB00A2C357 /* CloudHospitalUITests */ = {
			isa = PBXNativeTarget;
			buildConfigurationList = 111DDF2C1FE8E4CB00A2C357 /* Build configuration list for PBXNativeTarget "CloudHospitalUITests" */;
			buildPhases = (
				111DDF191FE8E4CB00A2C357 /* Sources */,
				111DDF1A1FE8E4CB00A2C357 /* Frameworks */,
				111DDF1B1FE8E4CB00A2C357 /* Resources */,
			);
			buildRules = (
			);
			dependencies = (
				111DDF1F1FE8E4CB00A2C357 /* PBXTargetDependency */,
			);
			name = CloudHospitalUITests;
			productName = CloudHospitalUITests;
			productReference = 111DDF1D1FE8E4CB00A2C357 /* CloudHospitalUITests.xctest */;
			productType = "com.apple.product-type.bundle.ui-testing";
		};
/* End PBXNativeTarget section */

/* Begin PBXProject section */
		111DDEF61FE8E4CB00A2C357 /* Project object */ = {
			isa = PBXProject;
			attributes = {
				LastSwiftUpdateCheck = 0920;
				LastUpgradeCheck = 0920;
				ORGANIZATIONNAME = oneday;
				TargetAttributes = {
					111DDEFD1FE8E4CB00A2C357 = {
						CreatedOnToolsVersion = 9.2;
						ProvisioningStyle = Manual;
					};
					111DDF111FE8E4CB00A2C357 = {
						CreatedOnToolsVersion = 9.2;
						ProvisioningStyle = Manual;
						TestTargetID = 111DDEFD1FE8E4CB00A2C357;
					};
					111DDF1C1FE8E4CB00A2C357 = {
						CreatedOnToolsVersion = 9.2;
						ProvisioningStyle = Manual;
						TestTargetID = 111DDEFD1FE8E4CB00A2C357;
					};
				};
			};
			buildConfigurationList = 111DDEF91FE8E4CB00A2C357 /* Build configuration list for PBXProject "CloudHospital" */;
			compatibilityVersion = "Xcode 8.0";
			developmentRegion = en;
			hasScannedForEncodings = 0;
			knownRegions = (
				en,
				Base,
			);
			mainGroup = 111DDEF51FE8E4CB00A2C357;
			productRefGroup = 111DDEFF1FE8E4CB00A2C357 /* Products */;
			projectDirPath = "";
			projectRoot = "";
			targets = (
				111DDEFD1FE8E4CB00A2C357 /* CloudHospital */,
				111DDF111FE8E4CB00A2C357 /* CloudHospitalTests */,
				111DDF1C1FE8E4CB00A2C357 /* CloudHospitalUITests */,
			);
		};
/* End PBXProject section */

/* Begin PBXResourcesBuildPhase section */
		111DDEFC1FE8E4CB00A2C357 /* Resources */ = {
			isa = PBXResourcesBuildPhase;
			buildActionMask = 2147483647;
			files = (
				11EF5B5E201EF8F20014C651 /* AlipaySDK.bundle in Resources */,
				11EE706D1FECB2D200126EF5 /* Homepage.storyboard in Resources */,
				111DDF0C1FE8E4CB00A2C357 /* LaunchScreen.storyboard in Resources */,
				111DDF091FE8E4CB00A2C357 /* Assets.xcassets in Resources */,
				111DDF071FE8E4CB00A2C357 /* Main.storyboard in Resources */,
			);
			runOnlyForDeploymentPostprocessing = 0;
		};
		111DDF101FE8E4CB00A2C357 /* Resources */ = {
			isa = PBXResourcesBuildPhase;
			buildActionMask = 2147483647;
			files = (
			);
			runOnlyForDeploymentPostprocessing = 0;
		};
		111DDF1B1FE8E4CB00A2C357 /* Resources */ = {
			isa = PBXResourcesBuildPhase;
			buildActionMask = 2147483647;
			files = (
			);
			runOnlyForDeploymentPostprocessing = 0;
		};
/* End PBXResourcesBuildPhase section */

/* Begin PBXShellScriptBuildPhase section */
		0D1B078F10C374E868C2E427 /* [CP] Copy Pods Resources */ = {
			isa = PBXShellScriptBuildPhase;
			buildActionMask = 2147483647;
			files = (
			);
			inputPaths = (
			);
			name = "[CP] Copy Pods Resources";
			outputPaths = (
			);
			runOnlyForDeploymentPostprocessing = 0;
			shellPath = /bin/sh;
			shellScript = "\"${SRCROOT}/Pods/Target Support Files/Pods-CloudHospital/Pods-CloudHospital-resources.sh\"\n";
			showEnvVarsInLog = 0;
		};
		D20E65999D837BFC38DF8F05 /* [CP] Check Pods Manifest.lock */ = {
			isa = PBXShellScriptBuildPhase;
			buildActionMask = 2147483647;
			files = (
			);
			inputPaths = (
				"${PODS_PODFILE_DIR_PATH}/Podfile.lock",
				"${PODS_ROOT}/Manifest.lock",
			);
			name = "[CP] Check Pods Manifest.lock";
			outputPaths = (
				"$(DERIVED_FILE_DIR)/Pods-CloudHospital-checkManifestLockResult.txt",
			);
			runOnlyForDeploymentPostprocessing = 0;
			shellPath = /bin/sh;
			shellScript = "diff \"${PODS_PODFILE_DIR_PATH}/Podfile.lock\" \"${PODS_ROOT}/Manifest.lock\" > /dev/null\nif [ $? != 0 ] ; then\n    # print error to STDERR\n    echo \"error: The sandbox is not in sync with the Podfile.lock. Run 'pod install' or update your CocoaPods installation.\" >&2\n    exit 1\nfi\n# This output is used by Xcode 'outputs' to avoid re-running this script phase.\necho \"SUCCESS\" > \"${SCRIPT_OUTPUT_FILE_0}\"\n";
			showEnvVarsInLog = 0;
		};
		D3A8BD974432DBA6C6A3426F /* [CP] Embed Pods Frameworks */ = {
			isa = PBXShellScriptBuildPhase;
			buildActionMask = 2147483647;
			files = (
			);
			inputPaths = (
				"${SRCROOT}/Pods/Target Support Files/Pods-CloudHospital/Pods-CloudHospital-frameworks.sh",
				"${BUILT_PRODUCTS_DIR}/Alamofire/Alamofire.framework",
				"${BUILT_PRODUCTS_DIR}/KeychainAccess/KeychainAccess.framework",
				"${BUILT_PRODUCTS_DIR}/Kingfisher/Kingfisher.framework",
				"${BUILT_PRODUCTS_DIR}/SnapKit/SnapKit.framework",
				"${BUILT_PRODUCTS_DIR}/SwiftyJSON/SwiftyJSON.framework",
			);
			name = "[CP] Embed Pods Frameworks";
			outputPaths = (
				"${TARGET_BUILD_DIR}/${FRAMEWORKS_FOLDER_PATH}/Alamofire.framework",
				"${TARGET_BUILD_DIR}/${FRAMEWORKS_FOLDER_PATH}/KeychainAccess.framework",
				"${TARGET_BUILD_DIR}/${FRAMEWORKS_FOLDER_PATH}/Kingfisher.framework",
				"${TARGET_BUILD_DIR}/${FRAMEWORKS_FOLDER_PATH}/SnapKit.framework",
				"${TARGET_BUILD_DIR}/${FRAMEWORKS_FOLDER_PATH}/SwiftyJSON.framework",
			);
			runOnlyForDeploymentPostprocessing = 0;
			shellPath = /bin/sh;
			shellScript = "\"${SRCROOT}/Pods/Target Support Files/Pods-CloudHospital/Pods-CloudHospital-frameworks.sh\"\n";
			showEnvVarsInLog = 0;
		};
/* End PBXShellScriptBuildPhase section */

/* Begin PBXSourcesBuildPhase section */
		111DDEFA1FE8E4CB00A2C357 /* Sources */ = {
			isa = PBXSourcesBuildPhase;
			buildActionMask = 2147483647;
			files = (
				119196DF1FEBA54C00B304E5 /* TabBarViewController.swift in Sources */,
				1192178F202077A300B4FA47 /* Converter.mm in Sources */,
				11464A401FF1E2360016E56E /* BaseNetwork.swift in Sources */,
				11464A421FF1E2440016E56E /* BaseRequest.swift in Sources */,
				11EE70751FECDF0A00126EF5 /* HomepageCycleScrollCell.swift in Sources */,
				11921789202052C600B4FA47 /* CloudRSAKeyPair.cpp in Sources */,
				115C7DBB201B12B800213AD9 /* CloudData.cpp in Sources */,
				1146D944200C9B9500BA467F /* ResponseErrorKind.swift in Sources */,
				11EE707B1FECE08F00126EF5 /* HomepageHealthQACell.swift in Sources */,
				111590821FF3749A00A6FC7B /* HomepageRequest.swift in Sources */,
				119196DB1FEB9D9D00B304E5 /* MeViewController.swift in Sources */,
				119B13941FFF0E6C00F8F535 /* Configuration.swift in Sources */,
				119B13981FFF0EB100F8F535 /* UIColor.swift in Sources */,
				115C7DBE201B132C00213AD9 /* CloudRSA.cpp in Sources */,
				11A8B18820075A8900B4DFAD /* Resource.swift in Sources */,
				119B139A1FFF0ECA00F8F535 /* DispatchQueue.swift in Sources */,
				111DDF021FE8E4CB00A2C357 /* AppDelegate.swift in Sources */,
				11EE70641FEC96F500126EF5 /* NavigationViewController.swift in Sources */,
				1146D946200C9E2B00BA467F /* String.swift in Sources */,
				11659CB21FF33CC1004A8271 /* BaseResponse.swift in Sources */,
				119196D51FEB9D2F00B304E5 /* MessageViewController.swift in Sources */,
				11EE70771FECDFDD00126EF5 /* HomepageRegisteredCell.swift in Sources */,
				11EE70791FECE03F00126EF5 /* HomepageOtherCell.swift in Sources */,
				11A8B1862007427700B4DFAD /* Router.swift in Sources */,
				119196D71FEB9D4400B304E5 /* ServiceViewController.swift in Sources */,
				119196D91FEB9D5900B304E5 /* HealthViewController.swift in Sources */,
				11EE70731FECDEF100126EF5 /* HomepageConsultationCell.swift in Sources */,
				119B13961FFF0E8800F8F535 /* DataManager.swift in Sources */,
				115C7DB8201B128D00213AD9 /* CloudAES.cpp in Sources */,
				111590871FF47AA200A6FC7B /* HomepageModel.swift in Sources */,
				119196C61FEB989100B304E5 /* HomepageViewController.swift in Sources */,
			);
			runOnlyForDeploymentPostprocessing = 0;
		};
		111DDF0E1FE8E4CB00A2C357 /* Sources */ = {
			isa = PBXSourcesBuildPhase;
			buildActionMask = 2147483647;
			files = (
				111DDF171FE8E4CB00A2C357 /* CloudHospitalTests.swift in Sources */,
			);
			runOnlyForDeploymentPostprocessing = 0;
		};
		111DDF191FE8E4CB00A2C357 /* Sources */ = {
			isa = PBXSourcesBuildPhase;
			buildActionMask = 2147483647;
			files = (
				111DDF221FE8E4CB00A2C357 /* CloudHospitalUITests.swift in Sources */,
			);
			runOnlyForDeploymentPostprocessing = 0;
		};
/* End PBXSourcesBuildPhase section */

/* Begin PBXTargetDependency section */
		111DDF141FE8E4CB00A2C357 /* PBXTargetDependency */ = {
			isa = PBXTargetDependency;
			target = 111DDEFD1FE8E4CB00A2C357 /* CloudHospital */;
			targetProxy = 111DDF131FE8E4CB00A2C357 /* PBXContainerItemProxy */;
		};
		111DDF1F1FE8E4CB00A2C357 /* PBXTargetDependency */ = {
			isa = PBXTargetDependency;
			target = 111DDEFD1FE8E4CB00A2C357 /* CloudHospital */;
			targetProxy = 111DDF1E1FE8E4CB00A2C357 /* PBXContainerItemProxy */;
		};
/* End PBXTargetDependency section */

/* Begin PBXVariantGroup section */
		111DDF051FE8E4CB00A2C357 /* Main.storyboard */ = {
			isa = PBXVariantGroup;
			children = (
				111DDF061FE8E4CB00A2C357 /* Base */,
			);
			name = Main.storyboard;
			sourceTree = "<group>";
		};
		111DDF0A1FE8E4CB00A2C357 /* LaunchScreen.storyboard */ = {
			isa = PBXVariantGroup;
			children = (
				111DDF0B1FE8E4CB00A2C357 /* Base */,
			);
			name = LaunchScreen.storyboard;
			sourceTree = "<group>";
		};
/* End PBXVariantGroup section */

/* Begin XCBuildConfiguration section */
		111DDF241FE8E4CB00A2C357 /* Debug */ = {
			isa = XCBuildConfiguration;
			buildSettings = {
				ALWAYS_SEARCH_USER_PATHS = NO;
				CLANG_ANALYZER_NONNULL = YES;
				CLANG_ANALYZER_NUMBER_OBJECT_CONVERSION = YES_AGGRESSIVE;
				CLANG_CXX_LANGUAGE_STANDARD = "gnu++14";
				CLANG_CXX_LIBRARY = "libc++";
				CLANG_ENABLE_MODULES = YES;
				CLANG_ENABLE_OBJC_ARC = YES;
				CLANG_WARN_BLOCK_CAPTURE_AUTORELEASING = YES;
				CLANG_WARN_BOOL_CONVERSION = YES;
				CLANG_WARN_COMMA = YES;
				CLANG_WARN_CONSTANT_CONVERSION = YES;
				CLANG_WARN_DIRECT_OBJC_ISA_USAGE = YES_ERROR;
				CLANG_WARN_DOCUMENTATION_COMMENTS = YES;
				CLANG_WARN_EMPTY_BODY = YES;
				CLANG_WARN_ENUM_CONVERSION = YES;
				CLANG_WARN_INFINITE_RECURSION = YES;
				CLANG_WARN_INT_CONVERSION = YES;
				CLANG_WARN_NON_LITERAL_NULL_CONVERSION = YES;
				CLANG_WARN_OBJC_LITERAL_CONVERSION = YES;
				CLANG_WARN_OBJC_ROOT_CLASS = YES_ERROR;
				CLANG_WARN_RANGE_LOOP_ANALYSIS = YES;
				CLANG_WARN_STRICT_PROTOTYPES = YES;
				CLANG_WARN_SUSPICIOUS_MOVE = YES;
				CLANG_WARN_UNGUARDED_AVAILABILITY = YES_AGGRESSIVE;
				CLANG_WARN_UNREACHABLE_CODE = YES;
				CLANG_WARN__DUPLICATE_METHOD_MATCH = YES;
				CODE_SIGN_IDENTITY = "iPhone Developer";
				COPY_PHASE_STRIP = NO;
				DEBUG_INFORMATION_FORMAT = dwarf;
				ENABLE_STRICT_OBJC_MSGSEND = YES;
				ENABLE_TESTABILITY = YES;
				GCC_C_LANGUAGE_STANDARD = gnu11;
				GCC_DYNAMIC_NO_PIC = NO;
				GCC_NO_COMMON_BLOCKS = YES;
				GCC_OPTIMIZATION_LEVEL = 0;
				GCC_PREPROCESSOR_DEFINITIONS = (
					"DEBUG=1",
					"$(inherited)",
				);
				GCC_WARN_64_TO_32_BIT_CONVERSION = YES;
				GCC_WARN_ABOUT_RETURN_TYPE = YES_ERROR;
				GCC_WARN_UNDECLARED_SELECTOR = YES;
				GCC_WARN_UNINITIALIZED_AUTOS = YES_AGGRESSIVE;
				GCC_WARN_UNUSED_FUNCTION = YES;
				GCC_WARN_UNUSED_VARIABLE = YES;
				IPHONEOS_DEPLOYMENT_TARGET = 11.2;
				MTL_ENABLE_DEBUG_INFO = YES;
				ONLY_ACTIVE_ARCH = YES;
				SDKROOT = iphoneos;
				SWIFT_ACTIVE_COMPILATION_CONDITIONS = DEBUG;
				SWIFT_OPTIMIZATION_LEVEL = "-Onone";
			};
			name = Debug;
		};
		111DDF251FE8E4CB00A2C357 /* Release */ = {
			isa = XCBuildConfiguration;
			buildSettings = {
				ALWAYS_SEARCH_USER_PATHS = NO;
				CLANG_ANALYZER_NONNULL = YES;
				CLANG_ANALYZER_NUMBER_OBJECT_CONVERSION = YES_AGGRESSIVE;
				CLANG_CXX_LANGUAGE_STANDARD = "gnu++14";
				CLANG_CXX_LIBRARY = "libc++";
				CLANG_ENABLE_MODULES = YES;
				CLANG_ENABLE_OBJC_ARC = YES;
				CLANG_WARN_BLOCK_CAPTURE_AUTORELEASING = YES;
				CLANG_WARN_BOOL_CONVERSION = YES;
				CLANG_WARN_COMMA = YES;
				CLANG_WARN_CONSTANT_CONVERSION = YES;
				CLANG_WARN_DIRECT_OBJC_ISA_USAGE = YES_ERROR;
				CLANG_WARN_DOCUMENTATION_COMMENTS = YES;
				CLANG_WARN_EMPTY_BODY = YES;
				CLANG_WARN_ENUM_CONVERSION = YES;
				CLANG_WARN_INFINITE_RECURSION = YES;
				CLANG_WARN_INT_CONVERSION = YES;
				CLANG_WARN_NON_LITERAL_NULL_CONVERSION = YES;
				CLANG_WARN_OBJC_LITERAL_CONVERSION = YES;
				CLANG_WARN_OBJC_ROOT_CLASS = YES_ERROR;
				CLANG_WARN_RANGE_LOOP_ANALYSIS = YES;
				CLANG_WARN_STRICT_PROTOTYPES = YES;
				CLANG_WARN_SUSPICIOUS_MOVE = YES;
				CLANG_WARN_UNGUARDED_AVAILABILITY = YES_AGGRESSIVE;
				CLANG_WARN_UNREACHABLE_CODE = YES;
				CLANG_WARN__DUPLICATE_METHOD_MATCH = YES;
				CODE_SIGN_IDENTITY = "iPhone Developer";
				COPY_PHASE_STRIP = NO;
				DEBUG_INFORMATION_FORMAT = "dwarf-with-dsym";
				ENABLE_NS_ASSERTIONS = NO;
				ENABLE_STRICT_OBJC_MSGSEND = YES;
				GCC_C_LANGUAGE_STANDARD = gnu11;
				GCC_NO_COMMON_BLOCKS = YES;
				GCC_WARN_64_TO_32_BIT_CONVERSION = YES;
				GCC_WARN_ABOUT_RETURN_TYPE = YES_ERROR;
				GCC_WARN_UNDECLARED_SELECTOR = YES;
				GCC_WARN_UNINITIALIZED_AUTOS = YES_AGGRESSIVE;
				GCC_WARN_UNUSED_FUNCTION = YES;
				GCC_WARN_UNUSED_VARIABLE = YES;
				IPHONEOS_DEPLOYMENT_TARGET = 11.2;
				MTL_ENABLE_DEBUG_INFO = NO;
				SDKROOT = iphoneos;
				SWIFT_OPTIMIZATION_LEVEL = "-Owholemodule";
				VALIDATE_PRODUCT = YES;
			};
			name = Release;
		};
		111DDF271FE8E4CB00A2C357 /* Debug */ = {
			isa = XCBuildConfiguration;
			baseConfigurationReference = 28EE016071FBC864D52142D7 /* Pods-CloudHospital.debug.xcconfig */;
			buildSettings = {
				ASSETCATALOG_COMPILER_APPICON_NAME = AppIcon;
				CODE_SIGN_STYLE = Manual;
				DEVELOPMENT_TEAM = "";
				FRAMEWORK_SEARCH_PATHS = (
					"$(inherited)",
					"$(PROJECT_DIR)/CloudHospital/Thirdparty/AlipaySDK",
				);
				HEADER_SEARCH_PATHS = "$(PROJECT_DIR)/CloudHospital/Thirdparty/AlipaySDK";
				INFOPLIST_FILE = CloudHospital/SupportingFiles/Info.plist;
				LD_RUNPATH_SEARCH_PATHS = "$(inherited) @executable_path/Frameworks";
				LIBRARY_SEARCH_PATHS = (
					"$(inherited)",
					"$(PROJECT_DIR)/CloudHospital/Thirdparty/AlipaySDK",
				);
				PRODUCT_BUNDLE_IDENTIFIER = io.oneday.CloudHospital;
				PRODUCT_NAME = "$(TARGET_NAME)";
				PROVISIONING_PROFILE_SPECIFIER = "";
				SWIFT_OBJC_BRIDGING_HEADER = "$(SRCROOT)/CloudHospital-Bridging-Header.h";
				SWIFT_VERSION = 4.0;
				TARGETED_DEVICE_FAMILY = "1,2";
			};
			name = Debug;
		};
		111DDF281FE8E4CB00A2C357 /* Release */ = {
			isa = XCBuildConfiguration;
			baseConfigurationReference = 60C344C8C585374FC92B4657 /* Pods-CloudHospital.release.xcconfig */;
			buildSettings = {
				ASSETCATALOG_COMPILER_APPICON_NAME = AppIcon;
				CODE_SIGN_STYLE = Manual;
				DEVELOPMENT_TEAM = "";
				FRAMEWORK_SEARCH_PATHS = (
					"$(inherited)",
					"$(PROJECT_DIR)/CloudHospital/Thirdparty/AlipaySDK",
				);
				HEADER_SEARCH_PATHS = "$(PROJECT_DIR)/CloudHospital/Thirdparty/AlipaySDK";
				INFOPLIST_FILE = CloudHospital/SupportingFiles/Info.plist;
				LD_RUNPATH_SEARCH_PATHS = "$(inherited) @executable_path/Frameworks";
				LIBRARY_SEARCH_PATHS = (
					"$(inherited)",
					"$(PROJECT_DIR)/CloudHospital/Thirdparty/AlipaySDK",
				);
				PRODUCT_BUNDLE_IDENTIFIER = io.oneday.CloudHospital;
				PRODUCT_NAME = "$(TARGET_NAME)";
				PROVISIONING_PROFILE_SPECIFIER = "";
				SWIFT_OBJC_BRIDGING_HEADER = "$(SRCROOT)/CloudHospital-Bridging-Header.h";
				SWIFT_VERSION = 4.0;
				TARGETED_DEVICE_FAMILY = "1,2";
			};
			name = Release;
		};
		111DDF2A1FE8E4CB00A2C357 /* Debug */ = {
			isa = XCBuildConfiguration;
			buildSettings = {
				ALWAYS_EMBED_SWIFT_STANDARD_LIBRARIES = YES;
				BUNDLE_LOADER = "$(TEST_HOST)";
				CODE_SIGN_STYLE = Manual;
				DEVELOPMENT_TEAM = "";
				INFOPLIST_FILE = CloudHospitalTests/Info.plist;
				LD_RUNPATH_SEARCH_PATHS = "$(inherited) @executable_path/Frameworks @loader_path/Frameworks";
				PRODUCT_BUNDLE_IDENTIFIER = io.oneday.CloudHospitalTests;
				PRODUCT_NAME = "$(TARGET_NAME)";
				PROVISIONING_PROFILE_SPECIFIER = "";
				SWIFT_VERSION = 4.0;
				TARGETED_DEVICE_FAMILY = "1,2";
				TEST_HOST = "$(BUILT_PRODUCTS_DIR)/CloudHospital.app/CloudHospital";
			};
			name = Debug;
		};
		111DDF2B1FE8E4CB00A2C357 /* Release */ = {
			isa = XCBuildConfiguration;
			buildSettings = {
				ALWAYS_EMBED_SWIFT_STANDARD_LIBRARIES = YES;
				BUNDLE_LOADER = "$(TEST_HOST)";
				CODE_SIGN_STYLE = Manual;
				DEVELOPMENT_TEAM = "";
				INFOPLIST_FILE = CloudHospitalTests/Info.plist;
				LD_RUNPATH_SEARCH_PATHS = "$(inherited) @executable_path/Frameworks @loader_path/Frameworks";
				PRODUCT_BUNDLE_IDENTIFIER = io.oneday.CloudHospitalTests;
				PRODUCT_NAME = "$(TARGET_NAME)";
				PROVISIONING_PROFILE_SPECIFIER = "";
				SWIFT_VERSION = 4.0;
				TARGETED_DEVICE_FAMILY = "1,2";
				TEST_HOST = "$(BUILT_PRODUCTS_DIR)/CloudHospital.app/CloudHospital";
			};
			name = Release;
		};
		111DDF2D1FE8E4CB00A2C357 /* Debug */ = {
			isa = XCBuildConfiguration;
			buildSettings = {
				ALWAYS_EMBED_SWIFT_STANDARD_LIBRARIES = YES;
				CODE_SIGN_STYLE = Manual;
				DEVELOPMENT_TEAM = "";
				INFOPLIST_FILE = CloudHospitalUITests/Info.plist;
				LD_RUNPATH_SEARCH_PATHS = "$(inherited) @executable_path/Frameworks @loader_path/Frameworks";
				PRODUCT_BUNDLE_IDENTIFIER = io.oneday.CloudHospitalUITests;
				PRODUCT_NAME = "$(TARGET_NAME)";
				PROVISIONING_PROFILE_SPECIFIER = "";
				SWIFT_VERSION = 4.0;
				TARGETED_DEVICE_FAMILY = "1,2";
				TEST_TARGET_NAME = CloudHospital;
			};
			name = Debug;
		};
		111DDF2E1FE8E4CB00A2C357 /* Release */ = {
			isa = XCBuildConfiguration;
			buildSettings = {
				ALWAYS_EMBED_SWIFT_STANDARD_LIBRARIES = YES;
				CODE_SIGN_STYLE = Manual;
				DEVELOPMENT_TEAM = "";
				INFOPLIST_FILE = CloudHospitalUITests/Info.plist;
				LD_RUNPATH_SEARCH_PATHS = "$(inherited) @executable_path/Frameworks @loader_path/Frameworks";
				PRODUCT_BUNDLE_IDENTIFIER = io.oneday.CloudHospitalUITests;
				PRODUCT_NAME = "$(TARGET_NAME)";
				PROVISIONING_PROFILE_SPECIFIER = "";
				SWIFT_VERSION = 4.0;
				TARGETED_DEVICE_FAMILY = "1,2";
				TEST_TARGET_NAME = CloudHospital;
			};
			name = Release;
		};
/* End XCBuildConfiguration section */

/* Begin XCConfigurationList section */
		111DDEF91FE8E4CB00A2C357 /* Build configuration list for PBXProject "CloudHospital" */ = {
			isa = XCConfigurationList;
			buildConfigurations = (
				111DDF241FE8E4CB00A2C357 /* Debug */,
				111DDF251FE8E4CB00A2C357 /* Release */,
			);
			defaultConfigurationIsVisible = 0;
			defaultConfigurationName = Release;
		};
		111DDF261FE8E4CB00A2C357 /* Build configuration list for PBXNativeTarget "CloudHospital" */ = {
			isa = XCConfigurationList;
			buildConfigurations = (
				111DDF271FE8E4CB00A2C357 /* Debug */,
				111DDF281FE8E4CB00A2C357 /* Release */,
			);
			defaultConfigurationIsVisible = 0;
			defaultConfigurationName = Release;
		};
		111DDF291FE8E4CB00A2C357 /* Build configuration list for PBXNativeTarget "CloudHospitalTests" */ = {
			isa = XCConfigurationList;
			buildConfigurations = (
				111DDF2A1FE8E4CB00A2C357 /* Debug */,
				111DDF2B1FE8E4CB00A2C357 /* Release */,
			);
			defaultConfigurationIsVisible = 0;
			defaultConfigurationName = Release;
		};
		111DDF2C1FE8E4CB00A2C357 /* Build configuration list for PBXNativeTarget "CloudHospitalUITests" */ = {
			isa = XCConfigurationList;
			buildConfigurations = (
				111DDF2D1FE8E4CB00A2C357 /* Debug */,
				111DDF2E1FE8E4CB00A2C357 /* Release */,
			);
			defaultConfigurationIsVisible = 0;
			defaultConfigurationName = Release;
		};
/* End XCConfigurationList section */
	};
	rootObject = 111DDEF61FE8E4CB00A2C357 /* Project object */;
}
