// !$*UTF8*$!
{
	archiveVersion = 1;
	classes = {
	};
	objectVersion = 48;
	objects = {

/* Begin PBXBuildFile section */
		111590821FF3749A00A6FC7B /* HomepageRequest.swift in Sources */ = {isa = PBXBuildFile; fileRef = 111590811FF3749A00A6FC7B /* HomepageRequest.swift */; };
		111DDF021FE8E4CB00A2C357 /* AppDelegate.swift in Sources */ = {isa = PBXBuildFile; fileRef = 111DDF011FE8E4CB00A2C357 /* AppDelegate.swift */; };
		111DDF071FE8E4CB00A2C357 /* Main.storyboard in Resources */ = {isa = PBXBuildFile; fileRef = 111DDF051FE8E4CB00A2C357 /* Main.storyboard */; };
		111DDF091FE8E4CB00A2C357 /* Assets.xcassets in Resources */ = {isa = PBXBuildFile; fileRef = 111DDF081FE8E4CB00A2C357 /* Assets.xcassets */; };
		111DDF0C1FE8E4CB00A2C357 /* LaunchScreen.storyboard in Resources */ = {isa = PBXBuildFile; fileRef = 111DDF0A1FE8E4CB00A2C357 /* LaunchScreen.storyboard */; };
		111DDF171FE8E4CB00A2C357 /* CloudHospitalTests.swift in Sources */ = {isa = PBXBuildFile; fileRef = 111DDF161FE8E4CB00A2C357 /* CloudHospitalTests.swift */; };
		111DDF221FE8E4CB00A2C357 /* CloudHospitalUITests.swift in Sources */ = {isa = PBXBuildFile; fileRef = 111DDF211FE8E4CB00A2C357 /* CloudHospitalUITests.swift */; };
		11464A401FF1E2360016E56E /* BaseNetwork.swift in Sources */ = {isa = PBXBuildFile; fileRef = 11464A3F1FF1E2360016E56E /* BaseNetwork.swift */; };
		11464A421FF1E2440016E56E /* BaseRequest.swift in Sources */ = {isa = PBXBuildFile; fileRef = 11464A411FF1E2440016E56E /* BaseRequest.swift */; };
		11659CB21FF33CC1004A8271 /* BaseResponse.swift in Sources */ = {isa = PBXBuildFile; fileRef = 11659CB11FF33CC1004A8271 /* BaseResponse.swift */; };
		11659CB41FF34B70004A8271 /* DispatchQueueExtensions.swift in Sources */ = {isa = PBXBuildFile; fileRef = 11659CB31FF34B70004A8271 /* DispatchQueueExtensions.swift */; };
		119196C61FEB989100B304E5 /* HomepageViewController.swift in Sources */ = {isa = PBXBuildFile; fileRef = 119196C51FEB989100B304E5 /* HomepageViewController.swift */; };
		119196D51FEB9D2F00B304E5 /* MessageViewController.swift in Sources */ = {isa = PBXBuildFile; fileRef = 119196D41FEB9D2F00B304E5 /* MessageViewController.swift */; };
		119196D71FEB9D4400B304E5 /* ServiceViewController.swift in Sources */ = {isa = PBXBuildFile; fileRef = 119196D61FEB9D4400B304E5 /* ServiceViewController.swift */; };
		119196D91FEB9D5900B304E5 /* HealthViewController.swift in Sources */ = {isa = PBXBuildFile; fileRef = 119196D81FEB9D5900B304E5 /* HealthViewController.swift */; };
		119196DB1FEB9D9D00B304E5 /* MeViewController.swift in Sources */ = {isa = PBXBuildFile; fileRef = 119196DA1FEB9D9D00B304E5 /* MeViewController.swift */; };
		119196DD1FEBA34200B304E5 /* ViewController.swift in Sources */ = {isa = PBXBuildFile; fileRef = 119196DC1FEBA34200B304E5 /* ViewController.swift */; };
		119196DF1FEBA54C00B304E5 /* TabBarViewController.swift in Sources */ = {isa = PBXBuildFile; fileRef = 119196DE1FEBA54C00B304E5 /* TabBarViewController.swift */; };
		11EE70641FEC96F500126EF5 /* NavigationViewController.swift in Sources */ = {isa = PBXBuildFile; fileRef = 11EE70631FEC96F500126EF5 /* NavigationViewController.swift */; };
		11EE70691FECA47700126EF5 /* ColorExtensions.swift in Sources */ = {isa = PBXBuildFile; fileRef = 11EE70681FECA47700126EF5 /* ColorExtensions.swift */; };
		11EE706D1FECB2D200126EF5 /* Homepage.storyboard in Resources */ = {isa = PBXBuildFile; fileRef = 11EE706C1FECB2D200126EF5 /* Homepage.storyboard */; };
		11EE70731FECDEF100126EF5 /* HomepageConsultationCell.swift in Sources */ = {isa = PBXBuildFile; fileRef = 11EE70721FECDEF100126EF5 /* HomepageConsultationCell.swift */; };
		11EE70751FECDF0A00126EF5 /* HomepageCycleScrollCell.swift in Sources */ = {isa = PBXBuildFile; fileRef = 11EE70741FECDF0A00126EF5 /* HomepageCycleScrollCell.swift */; };
		11EE70771FECDFDD00126EF5 /* HomepageRegisteredCell.swift in Sources */ = {isa = PBXBuildFile; fileRef = 11EE70761FECDFDD00126EF5 /* HomepageRegisteredCell.swift */; };
		11EE70791FECE03F00126EF5 /* HomepageOtherCell.swift in Sources */ = {isa = PBXBuildFile; fileRef = 11EE70781FECE03F00126EF5 /* HomepageOtherCell.swift */; };
		11EE707B1FECE08F00126EF5 /* HomepageHealthQACell.swift in Sources */ = {isa = PBXBuildFile; fileRef = 11EE707A1FECE08F00126EF5 /* HomepageHealthQACell.swift */; };
		E5BB167AB82AE5F1643A28C8 /* Pods_CloudHospital.framework in Frameworks */ = {isa = PBXBuildFile; fileRef = CD030B56894E032CCA7BA50A /* Pods_CloudHospital.framework */; };
/* End PBXBuildFile section */

/* Begin PBXContainerItemProxy section */
		111DDF131FE8E4CB00A2C357 /* PBXContainerItemProxy */ = {
			isa = PBXContainerItemProxy;
			containerPortal = 111DDEF61FE8E4CB00A2C357 /* Project object */;
			proxyType = 1;
			remoteGlobalIDString = 111DDEFD1FE8E4CB00A2C357;
			remoteInfo = CloudHospital;
		};
		111DDF1E1FE8E4CB00A2C357 /* PBXContainerItemProxy */ = {
			isa = PBXContainerItemProxy;
			containerPortal = 111DDEF61FE8E4CB00A2C357 /* Project object */;
			proxyType = 1;
			remoteGlobalIDString = 111DDEFD1FE8E4CB00A2C357;
			remoteInfo = CloudHospital;
		};
/* End PBXContainerItemProxy section */

/* Begin PBXFileReference section */
		111590811FF3749A00A6FC7B /* HomepageRequest.swift */ = {isa = PBXFileReference; lastKnownFileType = sourcecode.swift; path = HomepageRequest.swift; sourceTree = "<group>"; };
		111DDEFE1FE8E4CB00A2C357 /* CloudHospital.app */ = {isa = PBXFileReference; explicitFileType = wrapper.application; includeInIndex = 0; path = CloudHospital.app; sourceTree = BUILT_PRODUCTS_DIR; };
		111DDF011FE8E4CB00A2C357 /* AppDelegate.swift */ = {isa = PBXFileReference; lastKnownFileType = sourcecode.swift; path = AppDelegate.swift; sourceTree = "<group>"; };
		111DDF061FE8E4CB00A2C357 /* Base */ = {isa = PBXFileReference; lastKnownFileType = file.storyboard; name = Base; path = Base.lproj/Main.storyboard; sourceTree = "<group>"; };
		111DDF081FE8E4CB00A2C357 /* Assets.xcassets */ = {isa = PBXFileReference; lastKnownFileType = folder.assetcatalog; path = Assets.xcassets; sourceTree = "<group>"; };
		111DDF0B1FE8E4CB00A2C357 /* Base */ = {isa = PBXFileReference; lastKnownFileType = file.storyboard; name = Base; path = Base.lproj/LaunchScreen.storyboard; sourceTree = "<group>"; };
		111DDF0D1FE8E4CB00A2C357 /* Info.plist */ = {isa = PBXFileReference; lastKnownFileType = text.plist.xml; path = Info.plist; sourceTree = "<group>"; };
		111DDF121FE8E4CB00A2C357 /* CloudHospitalTests.xctest */ = {isa = PBXFileReference; explicitFileType = wrapper.cfbundle; includeInIndex = 0; path = CloudHospitalTests.xctest; sourceTree = BUILT_PRODUCTS_DIR; };
		111DDF161FE8E4CB00A2C357 /* CloudHospitalTests.swift */ = {isa = PBXFileReference; lastKnownFileType = sourcecode.swift; path = CloudHospitalTests.swift; sourceTree = "<group>"; };
		111DDF181FE8E4CB00A2C357 /* Info.plist */ = {isa = PBXFileReference; lastKnownFileType = text.plist.xml; path = Info.plist; sourceTree = "<group>"; };
		111DDF1D1FE8E4CB00A2C357 /* CloudHospitalUITests.xctest */ = {isa = PBXFileReference; explicitFileType = wrapper.cfbundle; includeInIndex = 0; path = CloudHospitalUITests.xctest; sourceTree = BUILT_PRODUCTS_DIR; };
		111DDF211FE8E4CB00A2C357 /* CloudHospitalUITests.swift */ = {isa = PBXFileReference; lastKnownFileType = sourcecode.swift; path = CloudHospitalUITests.swift; sourceTree = "<group>"; };
		111DDF231FE8E4CB00A2C357 /* Info.plist */ = {isa = PBXFileReference; lastKnownFileType = text.plist.xml; path = Info.plist; sourceTree = "<group>"; };
		11464A3F1FF1E2360016E56E /* BaseNetwork.swift */ = {isa = PBXFileReference; lastKnownFileType = sourcecode.swift; path = BaseNetwork.swift; sourceTree = "<group>"; };
		11464A411FF1E2440016E56E /* BaseRequest.swift */ = {isa = PBXFileReference; lastKnownFileType = sourcecode.swift; path = BaseRequest.swift; sourceTree = "<group>"; };
		11659CB11FF33CC1004A8271 /* BaseResponse.swift */ = {isa = PBXFileReference; lastKnownFileType = sourcecode.swift; path = BaseResponse.swift; sourceTree = "<group>"; };
		11659CB31FF34B70004A8271 /* DispatchQueueExtensions.swift */ = {isa = PBXFileReference; lastKnownFileType = sourcecode.swift; path = DispatchQueueExtensions.swift; sourceTree = "<group>"; };
		119196C51FEB989100B304E5 /* HomepageViewController.swift */ = {isa = PBXFileReference; lastKnownFileType = sourcecode.swift; path = HomepageViewController.swift; sourceTree = "<group>"; };
		119196D41FEB9D2F00B304E5 /* MessageViewController.swift */ = {isa = PBXFileReference; lastKnownFileType = sourcecode.swift; path = MessageViewController.swift; sourceTree = "<group>"; };
		119196D61FEB9D4400B304E5 /* ServiceViewController.swift */ = {isa = PBXFileReference; lastKnownFileType = sourcecode.swift; path = ServiceViewController.swift; sourceTree = "<group>"; };
		119196D81FEB9D5900B304E5 /* HealthViewController.swift */ = {isa = PBXFileReference; lastKnownFileType = sourcecode.swift; path = HealthViewController.swift; sourceTree = "<group>"; };
		119196DA1FEB9D9D00B304E5 /* MeViewController.swift */ = {isa = PBXFileReference; lastKnownFileType = sourcecode.swift; path = MeViewController.swift; sourceTree = "<group>"; };
		119196DC1FEBA34200B304E5 /* ViewController.swift */ = {isa = PBXFileReference; lastKnownFileType = sourcecode.swift; path = ViewController.swift; sourceTree = "<group>"; };
		119196DE1FEBA54C00B304E5 /* TabBarViewController.swift */ = {isa = PBXFileReference; lastKnownFileType = sourcecode.swift; path = TabBarViewController.swift; sourceTree = "<group>"; };
		11EE70631FEC96F500126EF5 /* NavigationViewController.swift */ = {isa = PBXFileReference; lastKnownFileType = sourcecode.swift; path = NavigationViewController.swift; sourceTree = "<group>"; };
		11EE70681FECA47700126EF5 /* ColorExtensions.swift */ = {isa = PBXFileReference; lastKnownFileType = sourcecode.swift; path = ColorExtensions.swift; sourceTree = "<group>"; };
		11EE706C1FECB2D200126EF5 /* Homepage.storyboard */ = {isa = PBXFileReference; lastKnownFileType = file.storyboard; path = Homepage.storyboard; sourceTree = "<group>"; };
		11EE70721FECDEF100126EF5 /* HomepageConsultationCell.swift */ = {isa = PBXFileReference; lastKnownFileType = sourcecode.swift; path = HomepageConsultationCell.swift; sourceTree = "<group>"; };
		11EE70741FECDF0A00126EF5 /* HomepageCycleScrollCell.swift */ = {isa = PBXFileReference; lastKnownFileType = sourcecode.swift; path = HomepageCycleScrollCell.swift; sourceTree = "<group>"; };
		11EE70761FECDFDD00126EF5 /* HomepageRegisteredCell.swift */ = {isa = PBXFileReference; lastKnownFileType = sourcecode.swift; path = HomepageRegisteredCell.swift; sourceTree = "<group>"; };
		11EE70781FECE03F00126EF5 /* HomepageOtherCell.swift */ = {isa = PBXFileReference; lastKnownFileType = sourcecode.swift; path = HomepageOtherCell.swift; sourceTree = "<group>"; };
		11EE707A1FECE08F00126EF5 /* HomepageHealthQACell.swift */ = {isa = PBXFileReference; lastKnownFileType = sourcecode.swift; path = HomepageHealthQACell.swift; sourceTree = "<group>"; };
		28EE016071FBC864D52142D7 /* Pods-CloudHospital.debug.xcconfig */ = {isa = PBXFileReference; includeInIndex = 1; lastKnownFileType = text.xcconfig; name = "Pods-CloudHospital.debug.xcconfig"; path = "Pods/Target Support Files/Pods-CloudHospital/Pods-CloudHospital.debug.xcconfig"; sourceTree = "<group>"; };
		60C344C8C585374FC92B4657 /* Pods-CloudHospital.release.xcconfig */ = {isa = PBXFileReference; includeInIndex = 1; lastKnownFileType = text.xcconfig; name = "Pods-CloudHospital.release.xcconfig"; path = "Pods/Target Support Files/Pods-CloudHospital/Pods-CloudHospital.release.xcconfig"; sourceTree = "<group>"; };
		CD030B56894E032CCA7BA50A /* Pods_CloudHospital.framework */ = {isa = PBXFileReference; explicitFileType = wrapper.framework; includeInIndex = 0; path = Pods_CloudHospital.framework; sourceTree = BUILT_PRODUCTS_DIR; };
/* End PBXFileReference section */

/* Begin PBXFrameworksBuildPhase section */
		111DDEFB1FE8E4CB00A2C357 /* Frameworks */ = {
			isa = PBXFrameworksBuildPhase;
			buildActionMask = 2147483647;
			files = (
				E5BB167AB82AE5F1643A28C8 /* Pods_CloudHospital.framework in Frameworks */,
			);
			runOnlyForDeploymentPostprocessing = 0;
		};
		111DDF0F1FE8E4CB00A2C357 /* Frameworks */ = {
			isa = PBXFrameworksBuildPhase;
			buildActionMask = 2147483647;
			files = (
			);
			runOnlyForDeploymentPostprocessing = 0;
		};
		111DDF1A1FE8E4CB00A2C357 /* Frameworks */ = {
			isa = PBXFrameworksBuildPhase;
			buildActionMask = 2147483647;
			files = (
			);
			runOnlyForDeploymentPostprocessing = 0;
		};
/* End PBXFrameworksBuildPhase section */

/* Begin PBXGroup section */
		111590801FF3746700A6FC7B /* Request */ = {
			isa = PBXGroup;
			children = (
				111590811FF3749A00A6FC7B /* HomepageRequest.swift */,
			);
			name = Request;
			sourceTree = "<group>";
		};
		111DDEF51FE8E4CB00A2C357 = {
			isa = PBXGroup;
			children = (
				111DDF001FE8E4CB00A2C357 /* CloudHospital */,
				111DDF151FE8E4CB00A2C357 /* CloudHospitalTests */,
				111DDF201FE8E4CB00A2C357 /* CloudHospitalUITests */,
				111DDEFF1FE8E4CB00A2C357 /* Products */,
				8A72ED64D64EF94B1722232B /* Pods */,
				49E9680278A4E88C283C359E /* Frameworks */,
			);
			sourceTree = "<group>";
		};
		111DDEFF1FE8E4CB00A2C357 /* Products */ = {
			isa = PBXGroup;
			children = (
				111DDEFE1FE8E4CB00A2C357 /* CloudHospital.app */,
				111DDF121FE8E4CB00A2C357 /* CloudHospitalTests.xctest */,
				111DDF1D1FE8E4CB00A2C357 /* CloudHospitalUITests.xctest */,
			);
			name = Products;
			sourceTree = "<group>";
		};
		111DDF001FE8E4CB00A2C357 /* CloudHospital */ = {
			isa = PBXGroup;
			children = (
				119196C11FEB981100B304E5 /* Sources */,
				119196BE1FEB97D600B304E5 /* Resources */,
				119196DC1FEBA34200B304E5 /* ViewController.swift */,
			);
			path = CloudHospital;
			sourceTree = "<group>";
		};
		111DDF151FE8E4CB00A2C357 /* CloudHospitalTests */ = {
			isa = PBXGroup;
			children = (
				111DDF161FE8E4CB00A2C357 /* CloudHospitalTests.swift */,
				111DDF181FE8E4CB00A2C357 /* Info.plist */,
			);
			path = CloudHospitalTests;
			sourceTree = "<group>";
		};
		111DDF201FE8E4CB00A2C357 /* CloudHospitalUITests */ = {
			isa = PBXGroup;
			children = (
				111DDF211FE8E4CB00A2C357 /* CloudHospitalUITests.swift */,
				111DDF231FE8E4CB00A2C357 /* Info.plist */,
			);
			path = CloudHospitalUITests;
			sourceTree = "<group>";
		};
		11464A3D1FF0E3B90016E56E /* Network */ = {
			isa = PBXGroup;
			children = (
				11464A3E1FF0E3DD0016E56E /* Request */,
			);
			path = Network;
			sourceTree = "<group>";
		};
		11464A3E1FF0E3DD0016E56E /* Request */ = {
			isa = PBXGroup;
			children = (
				11464A3F1FF1E2360016E56E /* BaseNetwork.swift */,
				11464A411FF1E2440016E56E /* BaseRequest.swift */,
				11659CB11FF33CC1004A8271 /* BaseResponse.swift */,
			);
			name = Request;
			sourceTree = "<group>";
		};
		119196BE1FEB97D600B304E5 /* Resources */ = {
			isa = PBXGroup;
			children = (
				111DDF081FE8E4CB00A2C357 /* Assets.xcassets */,
				111DDF0A1FE8E4CB00A2C357 /* LaunchScreen.storyboard */,
				111DDF0D1FE8E4CB00A2C357 /* Info.plist */,
				111DDF051FE8E4CB00A2C357 /* Main.storyboard */,
			);
			name = Resources;
			sourceTree = "<group>";
		};
		119196C11FEB981100B304E5 /* Sources */ = {
			isa = PBXGroup;
			children = (
				11464A3D1FF0E3B90016E56E /* Network */,
				11EE706A1FECAAC900126EF5 /* Base */,
				11EE70651FECA2BE00126EF5 /* Extensions */,
				119196D11FEB9CD200B304E5 /* Me */,
				119196CD1FEB9C8300B304E5 /* Health */,
				119196CA1FEB9B4F00B304E5 /* Service */,
				119196C71FEB9B0B00B304E5 /* Message */,
				119196C21FEB982000B304E5 /* Homepage */,
			);
			path = Sources;
			sourceTree = "<group>";
		};
		119196C21FEB982000B304E5 /* Homepage */ = {
			isa = PBXGroup;
			children = (
				111590801FF3746700A6FC7B /* Request */,
				11EE706B1FECB29900126EF5 /* Resources */,
				119196C41FEB984300B304E5 /* Views */,
				119196C31FEB983500B304E5 /* Controllers */,
			);
			path = Homepage;
			sourceTree = "<group>";
		};
		119196C31FEB983500B304E5 /* Controllers */ = {
			isa = PBXGroup;
			children = (
				119196C51FEB989100B304E5 /* HomepageViewController.swift */,
			);
			name = Controllers;
			sourceTree = "<group>";
		};
		119196C41FEB984300B304E5 /* Views */ = {
			isa = PBXGroup;
			children = (
				11EE70741FECDF0A00126EF5 /* HomepageCycleScrollCell.swift */,
				11EE70721FECDEF100126EF5 /* HomepageConsultationCell.swift */,
				11EE70761FECDFDD00126EF5 /* HomepageRegisteredCell.swift */,
				11EE70781FECE03F00126EF5 /* HomepageOtherCell.swift */,
				11EE707A1FECE08F00126EF5 /* HomepageHealthQACell.swift */,
			);
			name = Views;
			sourceTree = "<group>";
		};
		119196C71FEB9B0B00B304E5 /* Message */ = {
			isa = PBXGroup;
			children = (
				119196C91FEB9B2800B304E5 /* Views */,
				119196C81FEB9B1F00B304E5 /* Controllers */,
			);
			path = Message;
			sourceTree = "<group>";
		};
		119196C81FEB9B1F00B304E5 /* Controllers */ = {
			isa = PBXGroup;
			children = (
				119196D41FEB9D2F00B304E5 /* MessageViewController.swift */,
			);
			name = Controllers;
			sourceTree = "<group>";
		};
		119196C91FEB9B2800B304E5 /* Views */ = {
			isa = PBXGroup;
			children = (
			);
			name = Views;
			sourceTree = "<group>";
		};
		119196CA1FEB9B4F00B304E5 /* Service */ = {
			isa = PBXGroup;
			children = (
				119196CC1FEB9C7600B304E5 /* Views */,
				119196CB1FEB9C6C00B304E5 /* Controllers */,
			);
			path = Service;
			sourceTree = "<group>";
		};
		119196CB1FEB9C6C00B304E5 /* Controllers */ = {
			isa = PBXGroup;
			children = (
				119196D61FEB9D4400B304E5 /* ServiceViewController.swift */,
			);
			name = Controllers;
			sourceTree = "<group>";
		};
		119196CC1FEB9C7600B304E5 /* Views */ = {
			isa = PBXGroup;
			children = (
			);
			name = Views;
			sourceTree = "<group>";
		};
		119196CD1FEB9C8300B304E5 /* Health */ = {
			isa = PBXGroup;
			children = (
				119196D01FEB9CB000B304E5 /* Views */,
				119196CF1FEB9CA700B304E5 /* Controllers */,
			);
			path = Health;
			sourceTree = "<group>";
		};
		119196CF1FEB9CA700B304E5 /* Controllers */ = {
			isa = PBXGroup;
			children = (
				119196D81FEB9D5900B304E5 /* HealthViewController.swift */,
			);
			name = Controllers;
			sourceTree = "<group>";
		};
		119196D01FEB9CB000B304E5 /* Views */ = {
			isa = PBXGroup;
			children = (
			);
			name = Views;
			sourceTree = "<group>";
		};
		119196D11FEB9CD200B304E5 /* Me */ = {
			isa = PBXGroup;
			children = (
				119196D31FEB9CFA00B304E5 /* Views */,
				119196D21FEB9CF200B304E5 /* Controllers */,
			);
			path = Me;
			sourceTree = "<group>";
		};
		119196D21FEB9CF200B304E5 /* Controllers */ = {
			isa = PBXGroup;
			children = (
				119196DA1FEB9D9D00B304E5 /* MeViewController.swift */,
			);
			name = Controllers;
			sourceTree = "<group>";
		};
		119196D31FEB9CFA00B304E5 /* Views */ = {
			isa = PBXGroup;
			children = (
			);
			name = Views;
			sourceTree = "<group>";
		};
		11EE70651FECA2BE00126EF5 /* Extensions */ = {
			isa = PBXGroup;
			children = (
				11EE70681FECA47700126EF5 /* ColorExtensions.swift */,
				11659CB31FF34B70004A8271 /* DispatchQueueExtensions.swift */,
			);
			path = Extensions;
			sourceTree = "<group>";
		};
		11EE706A1FECAAC900126EF5 /* Base */ = {
			isa = PBXGroup;
			children = (
				111DDF011FE8E4CB00A2C357 /* AppDelegate.swift */,
				119196DE1FEBA54C00B304E5 /* TabBarViewController.swift */,
				11EE70631FEC96F500126EF5 /* NavigationViewController.swift */,
			);
			path = Base;
			sourceTree = "<group>";
		};
		11EE706B1FECB29900126EF5 /* Resources */ = {
			isa = PBXGroup;
			children = (
				11EE706C1FECB2D200126EF5 /* Homepage.storyboard */,
			);
			name = Resources;
			sourceTree = "<group>";
		};
		49E9680278A4E88C283C359E /* Frameworks */ = {
			isa = PBXGroup;
			children = (
				CD030B56894E032CCA7BA50A /* Pods_CloudHospital.framework */,
			);
			name = Frameworks;
			sourceTree = "<group>";
		};
		8A72ED64D64EF94B1722232B /* Pods */ = {
			isa = PBXGroup;
			children = (
				28EE016071FBC864D52142D7 /* Pods-CloudHospital.debug.xcconfig */,
				60C344C8C585374FC92B4657 /* Pods-CloudHospital.release.xcconfig */,
			);
			name = Pods;
			sourceTree = "<group>";
		};
/* End PBXGroup section */

/* Begin PBXNativeTarget section */
		111DDEFD1FE8E4CB00A2C357 /* CloudHospital */ = {
			isa = PBXNativeTarget;
			buildConfigurationList = 111DDF261FE8E4CB00A2C357 /* Build configuration list for PBXNativeTarget "CloudHospital" */;
			buildPhases = (
				D20E65999D837BFC38DF8F05 /* [CP] Check Pods Manifest.lock */,
				111DDEFA1FE8E4CB00A2C357 /* Sources */,
				111DDEFB1FE8E4CB00A2C357 /* Frameworks */,
				111DDEFC1FE8E4CB00A2C357 /* Resources */,
				D3A8BD974432DBA6C6A3426F /* [CP] Embed Pods Frameworks */,
				0D1B078F10C374E868C2E427 /* [CP] Copy Pods Resources */,
			);
			buildRules = (
			);
			dependencies = (
			);
			name = CloudHospital;
			productName = CloudHospital;
			productReference = 111DDEFE1FE8E4CB00A2C357 /* CloudHospital.app */;
			productType = "com.apple.product-type.application";
		};
		111DDF111FE8E4CB00A2C357 /* CloudHospitalTests */ = {
			isa = PBXNativeTarget;
			buildConfigurationList = 111DDF291FE8E4CB00A2C357 /* Build configuration list for PBXNativeTarget "CloudHospitalTests" */;
			buildPhases = (
				111DDF0E1FE8E4CB00A2C357 /* Sources */,
				111DDF0F1FE8E4CB00A2C357 /* Frameworks */,
				111DDF101FE8E4CB00A2C357 /* Resources */,
			);
			buildRules = (
			);
			dependencies = (
				111DDF141FE8E4CB00A2C357 /* PBXTargetDependency */,
			);
			name = CloudHospitalTests;
			productName = CloudHospitalTests;
			productReference = 111DDF121FE8E4CB00A2C357 /* CloudHospitalTests.xctest */;
			productType = "com.apple.product-type.bundle.unit-test";
		};
		111DDF1C1FE8E4CB00A2C357 /* CloudHospitalUITests */ = {
			isa = PBXNativeTarget;
			buildConfigurationList = 111DDF2C1FE8E4CB00A2C357 /* Build configuration list for PBXNativeTarget "CloudHospitalUITests" */;
			buildPhases = (
				111DDF191FE8E4CB00A2C357 /* Sources */,
				111DDF1A1FE8E4CB00A2C357 /* Frameworks */,
				111DDF1B1FE8E4CB00A2C357 /* Resources */,
			);
			buildRules = (
			);
			dependencies = (
				111DDF1F1FE8E4CB00A2C357 /* PBXTargetDependency */,
			);
			name = CloudHospitalUITests;
			productName = CloudHospitalUITests;
			productReference = 111DDF1D1FE8E4CB00A2C357 /* CloudHospitalUITests.xctest */;
			productType = "com.apple.product-type.bundle.ui-testing";
		};
/* End PBXNativeTarget section */

/* Begin PBXProject section */
		111DDEF61FE8E4CB00A2C357 /* Project object */ = {
			isa = PBXProject;
			attributes = {
				LastSwiftUpdateCheck = 0920;
				LastUpgradeCheck = 0920;
				ORGANIZATIONNAME = oneday;
				TargetAttributes = {
					111DDEFD1FE8E4CB00A2C357 = {
						CreatedOnToolsVersion = 9.2;
						ProvisioningStyle = Manual;
					};
					111DDF111FE8E4CB00A2C357 = {
						CreatedOnToolsVersion = 9.2;
						ProvisioningStyle = Manual;
						TestTargetID = 111DDEFD1FE8E4CB00A2C357;
					};
					111DDF1C1FE8E4CB00A2C357 = {
						CreatedOnToolsVersion = 9.2;
						ProvisioningStyle = Manual;
						TestTargetID = 111DDEFD1FE8E4CB00A2C357;
					};
				};
			};
			buildConfigurationList = 111DDEF91FE8E4CB00A2C357 /* Build configuration list for PBXProject "CloudHospital" */;
			compatibilityVersion = "Xcode 8.0";
			developmentRegion = en;
			hasScannedForEncodings = 0;
			knownRegions = (
				en,
				Base,
			);
			mainGroup = 111DDEF51FE8E4CB00A2C357;
			productRefGroup = 111DDEFF1FE8E4CB00A2C357 /* Products */;
			projectDirPath = "";
			projectRoot = "";
			targets = (
				111DDEFD1FE8E4CB00A2C357 /* CloudHospital */,
				111DDF111FE8E4CB00A2C357 /* CloudHospitalTests */,
				111DDF1C1FE8E4CB00A2C357 /* CloudHospitalUITests */,
			);
		};
/* End PBXProject section */

/* Begin PBXResourcesBuildPhase section */
		111DDEFC1FE8E4CB00A2C357 /* Resources */ = {
			isa = PBXResourcesBuildPhase;
			buildActionMask = 2147483647;
			files = (
				11EE706D1FECB2D200126EF5 /* Homepage.storyboard in Resources */,
				111DDF0C1FE8E4CB00A2C357 /* LaunchScreen.storyboard in Resources */,
				111DDF091FE8E4CB00A2C357 /* Assets.xcassets in Resources */,
				111DDF071FE8E4CB00A2C357 /* Main.storyboard in Resources */,
			);
			runOnlyForDeploymentPostprocessing = 0;
		};
		111DDF101FE8E4CB00A2C357 /* Resources */ = {
			isa = PBXResourcesBuildPhase;
			buildActionMask = 2147483647;
			files = (
			);
			runOnlyForDeploymentPostprocessing = 0;
		};
		111DDF1B1FE8E4CB00A2C357 /* Resources */ = {
			isa = PBXResourcesBuildPhase;
			buildActionMask = 2147483647;
			files = (
			);
			runOnlyForDeploymentPostprocessing = 0;
		};
/* End PBXResourcesBuildPhase section */

/* Begin PBXShellScriptBuildPhase section */
		0D1B078F10C374E868C2E427 /* [CP] Copy Pods Resources */ = {
			isa = PBXShellScriptBuildPhase;
			buildActionMask = 2147483647;
			files = (
			);
			inputPaths = (
			);
			name = "[CP] Copy Pods Resources";
			outputPaths = (
			);
			runOnlyForDeploymentPostprocessing = 0;
			shellPath = /bin/sh;
			shellScript = "\"${SRCROOT}/Pods/Target Support Files/Pods-CloudHospital/Pods-CloudHospital-resources.sh\"\n";
			showEnvVarsInLog = 0;
		};
		D20E65999D837BFC38DF8F05 /* [CP] Check Pods Manifest.lock */ = {
			isa = PBXShellScriptBuildPhase;
			buildActionMask = 2147483647;
			files = (
			);
			inputPaths = (
				"${PODS_PODFILE_DIR_PATH}/Podfile.lock",
				"${PODS_ROOT}/Manifest.lock",
			);
			name = "[CP] Check Pods Manifest.lock";
			outputPaths = (
				"$(DERIVED_FILE_DIR)/Pods-CloudHospital-checkManifestLockResult.txt",
			);
			runOnlyForDeploymentPostprocessing = 0;
			shellPath = /bin/sh;
			shellScript = "diff \"${PODS_PODFILE_DIR_PATH}/Podfile.lock\" \"${PODS_ROOT}/Manifest.lock\" > /dev/null\nif [ $? != 0 ] ; then\n    # print error to STDERR\n    echo \"error: The sandbox is not in sync with the Podfile.lock. Run 'pod install' or update your CocoaPods installation.\" >&2\n    exit 1\nfi\n# This output is used by Xcode 'outputs' to avoid re-running this script phase.\necho \"SUCCESS\" > \"${SCRIPT_OUTPUT_FILE_0}\"\n";
			showEnvVarsInLog = 0;
		};
		D3A8BD974432DBA6C6A3426F /* [CP] Embed Pods Frameworks */ = {
			isa = PBXShellScriptBuildPhase;
			buildActionMask = 2147483647;
			files = (
			);
			inputPaths = (
				"${SRCROOT}/Pods/Target Support Files/Pods-CloudHospital/Pods-CloudHospital-frameworks.sh",
				"${BUILT_PRODUCTS_DIR}/Alamofire/Alamofire.framework",
				"${BUILT_PRODUCTS_DIR}/Kingfisher/Kingfisher.framework",
				"${BUILT_PRODUCTS_DIR}/SnapKit/SnapKit.framework",
				"${BUILT_PRODUCTS_DIR}/SwiftyJSON/SwiftyJSON.framework",
			);
			name = "[CP] Embed Pods Frameworks";
			outputPaths = (
				"${TARGET_BUILD_DIR}/${FRAMEWORKS_FOLDER_PATH}/Alamofire.framework",
				"${TARGET_BUILD_DIR}/${FRAMEWORKS_FOLDER_PATH}/Kingfisher.framework",
				"${TARGET_BUILD_DIR}/${FRAMEWORKS_FOLDER_PATH}/SnapKit.framework",
				"${TARGET_BUILD_DIR}/${FRAMEWORKS_FOLDER_PATH}/SwiftyJSON.framework",
			);
			runOnlyForDeploymentPostprocessing = 0;
			shellPath = /bin/sh;
			shellScript = "\"${SRCROOT}/Pods/Target Support Files/Pods-CloudHospital/Pods-CloudHospital-frameworks.sh\"\n";
			showEnvVarsInLog = 0;
		};
/* End PBXShellScriptBuildPhase section */

/* Begin PBXSourcesBuildPhase section */
		111DDEFA1FE8E4CB00A2C357 /* Sources */ = {
			isa = PBXSourcesBuildPhase;
			buildActionMask = 2147483647;
			files = (
				119196DF1FEBA54C00B304E5 /* TabBarViewController.swift in Sources */,
				11659CB41FF34B70004A8271 /* DispatchQueueExtensions.swift in Sources */,
				11464A401FF1E2360016E56E /* BaseNetwork.swift in Sources */,
				11464A421FF1E2440016E56E /* BaseRequest.swift in Sources */,
				11EE70751FECDF0A00126EF5 /* HomepageCycleScrollCell.swift in Sources */,
				11EE70691FECA47700126EF5 /* ColorExtensions.swift in Sources */,
				11EE707B1FECE08F00126EF5 /* HomepageHealthQACell.swift in Sources */,
				111590821FF3749A00A6FC7B /* HomepageRequest.swift in Sources */,
				119196DB1FEB9D9D00B304E5 /* MeViewController.swift in Sources */,
				111DDF021FE8E4CB00A2C357 /* AppDelegate.swift in Sources */,
				11EE70641FEC96F500126EF5 /* NavigationViewController.swift in Sources */,
				11659CB21FF33CC1004A8271 /* BaseResponse.swift in Sources */,
				119196D51FEB9D2F00B304E5 /* MessageViewController.swift in Sources */,
				11EE70771FECDFDD00126EF5 /* HomepageRegisteredCell.swift in Sources */,
				11EE70791FECE03F00126EF5 /* HomepageOtherCell.swift in Sources */,
				119196D71FEB9D4400B304E5 /* ServiceViewController.swift in Sources */,
				119196DD1FEBA34200B304E5 /* ViewController.swift in Sources */,
				119196D91FEB9D5900B304E5 /* HealthViewController.swift in Sources */,
				11EE70731FECDEF100126EF5 /* HomepageConsultationCell.swift in Sources */,
				119196C61FEB989100B304E5 /* HomepageViewController.swift in Sources */,
			);
			runOnlyForDeploymentPostprocessing = 0;
		};
		111DDF0E1FE8E4CB00A2C357 /* Sources */ = {
			isa = PBXSourcesBuildPhase;
			buildActionMask = 2147483647;
			files = (
				111DDF171FE8E4CB00A2C357 /* CloudHospitalTests.swift in Sources */,
			);
			runOnlyForDeploymentPostprocessing = 0;
		};
		111DDF191FE8E4CB00A2C357 /* Sources */ = {
			isa = PBXSourcesBuildPhase;
			buildActionMask = 2147483647;
			files = (
				111DDF221FE8E4CB00A2C357 /* CloudHospitalUITests.swift in Sources */,
			);
			runOnlyForDeploymentPostprocessing = 0;
		};
/* End PBXSourcesBuildPhase section */

/* Begin PBXTargetDependency section */
		111DDF141FE8E4CB00A2C357 /* PBXTargetDependency */ = {
			isa = PBXTargetDependency;
			target = 111DDEFD1FE8E4CB00A2C357 /* CloudHospital */;
			targetProxy = 111DDF131FE8E4CB00A2C357 /* PBXContainerItemProxy */;
		};
		111DDF1F1FE8E4CB00A2C357 /* PBXTargetDependency */ = {
			isa = PBXTargetDependency;
			target = 111DDEFD1FE8E4CB00A2C357 /* CloudHospital */;
			targetProxy = 111DDF1E1FE8E4CB00A2C357 /* PBXContainerItemProxy */;
		};
/* End PBXTargetDependency section */

/* Begin PBXVariantGroup section */
		111DDF051FE8E4CB00A2C357 /* Main.storyboard */ = {
			isa = PBXVariantGroup;
			children = (
				111DDF061FE8E4CB00A2C357 /* Base */,
			);
			name = Main.storyboard;
			sourceTree = "<group>";
		};
		111DDF0A1FE8E4CB00A2C357 /* LaunchScreen.storyboard */ = {
			isa = PBXVariantGroup;
			children = (
				111DDF0B1FE8E4CB00A2C357 /* Base */,
			);
			name = LaunchScreen.storyboard;
			sourceTree = "<group>";
		};
/* End PBXVariantGroup section */

/* Begin XCBuildConfiguration section */
		111DDF241FE8E4CB00A2C357 /* Debug */ = {
			isa = XCBuildConfiguration;
			buildSettings = {
				ALWAYS_SEARCH_USER_PATHS = NO;
				CLANG_ANALYZER_NONNULL = YES;
				CLANG_ANALYZER_NUMBER_OBJECT_CONVERSION = YES_AGGRESSIVE;
				CLANG_CXX_LANGUAGE_STANDARD = "gnu++14";
				CLANG_CXX_LIBRARY = "libc++";
				CLANG_ENABLE_MODULES = YES;
				CLANG_ENABLE_OBJC_ARC = YES;
				CLANG_WARN_BLOCK_CAPTURE_AUTORELEASING = YES;
				CLANG_WARN_BOOL_CONVERSION = YES;
				CLANG_WARN_COMMA = YES;
				CLANG_WARN_CONSTANT_CONVERSION = YES;
				CLANG_WARN_DIRECT_OBJC_ISA_USAGE = YES_ERROR;
				CLANG_WARN_DOCUMENTATION_COMMENTS = YES;
				CLANG_WARN_EMPTY_BODY = YES;
				CLANG_WARN_ENUM_CONVERSION = YES;
				CLANG_WARN_INFINITE_RECURSION = YES;
				CLANG_WARN_INT_CONVERSION = YES;
				CLANG_WARN_NON_LITERAL_NULL_CONVERSION = YES;
				CLANG_WARN_OBJC_LITERAL_CONVERSION = YES;
				CLANG_WARN_OBJC_ROOT_CLASS = YES_ERROR;
				CLANG_WARN_RANGE_LOOP_ANALYSIS = YES;
				CLANG_WARN_STRICT_PROTOTYPES = YES;
				CLANG_WARN_SUSPICIOUS_MOVE = YES;
				CLANG_WARN_UNGUARDED_AVAILABILITY = YES_AGGRESSIVE;
				CLANG_WARN_UNREACHABLE_CODE = YES;
				CLANG_WARN__DUPLICATE_METHOD_MATCH = YES;
				CODE_SIGN_IDENTITY = "iPhone Developer";
				COPY_PHASE_STRIP = NO;
				DEBUG_INFORMATION_FORMAT = dwarf;
				ENABLE_STRICT_OBJC_MSGSEND = YES;
				ENABLE_TESTABILITY = YES;
				GCC_C_LANGUAGE_STANDARD = gnu11;
				GCC_DYNAMIC_NO_PIC = NO;
				GCC_NO_COMMON_BLOCKS = YES;
				GCC_OPTIMIZATION_LEVEL = 0;
				GCC_PREPROCESSOR_DEFINITIONS = (
					"DEBUG=1",
					"$(inherited)",
				);
				GCC_WARN_64_TO_32_BIT_CONVERSION = YES;
				GCC_WARN_ABOUT_RETURN_TYPE = YES_ERROR;
				GCC_WARN_UNDECLARED_SELECTOR = YES;
				GCC_WARN_UNINITIALIZED_AUTOS = YES_AGGRESSIVE;
				GCC_WARN_UNUSED_FUNCTION = YES;
				GCC_WARN_UNUSED_VARIABLE = YES;
				IPHONEOS_DEPLOYMENT_TARGET = 11.2;
				MTL_ENABLE_DEBUG_INFO = YES;
				ONLY_ACTIVE_ARCH = YES;
				SDKROOT = iphoneos;
				SWIFT_ACTIVE_COMPILATION_CONDITIONS = DEBUG;
				SWIFT_OPTIMIZATION_LEVEL = "-Onone";
			};
			name = Debug;
		};
		111DDF251FE8E4CB00A2C357 /* Release */ = {
			isa = XCBuildConfiguration;
			buildSettings = {
				ALWAYS_SEARCH_USER_PATHS = NO;
				CLANG_ANALYZER_NONNULL = YES;
				CLANG_ANALYZER_NUMBER_OBJECT_CONVERSION = YES_AGGRESSIVE;
				CLANG_CXX_LANGUAGE_STANDARD = "gnu++14";
				CLANG_CXX_LIBRARY = "libc++";
				CLANG_ENABLE_MODULES = YES;
				CLANG_ENABLE_OBJC_ARC = YES;
				CLANG_WARN_BLOCK_CAPTURE_AUTORELEASING = YES;
				CLANG_WARN_BOOL_CONVERSION = YES;
				CLANG_WARN_COMMA = YES;
				CLANG_WARN_CONSTANT_CONVERSION = YES;
				CLANG_WARN_DIRECT_OBJC_ISA_USAGE = YES_ERROR;
				CLANG_WARN_DOCUMENTATION_COMMENTS = YES;
				CLANG_WARN_EMPTY_BODY = YES;
				CLANG_WARN_ENUM_CONVERSION = YES;
				CLANG_WARN_INFINITE_RECURSION = YES;
				CLANG_WARN_INT_CONVERSION = YES;
				CLANG_WARN_NON_LITERAL_NULL_CONVERSION = YES;
				CLANG_WARN_OBJC_LITERAL_CONVERSION = YES;
				CLANG_WARN_OBJC_ROOT_CLASS = YES_ERROR;
				CLANG_WARN_RANGE_LOOP_ANALYSIS = YES;
				CLANG_WARN_STRICT_PROTOTYPES = YES;
				CLANG_WARN_SUSPICIOUS_MOVE = YES;
				CLANG_WARN_UNGUARDED_AVAILABILITY = YES_AGGRESSIVE;
				CLANG_WARN_UNREACHABLE_CODE = YES;
				CLANG_WARN__DUPLICATE_METHOD_MATCH = YES;
				CODE_SIGN_IDENTITY = "iPhone Developer";
				COPY_PHASE_STRIP = NO;
				DEBUG_INFORMATION_FORMAT = "dwarf-with-dsym";
				ENABLE_NS_ASSERTIONS = NO;
				ENABLE_STRICT_OBJC_MSGSEND = YES;
				GCC_C_LANGUAGE_STANDARD = gnu11;
				GCC_NO_COMMON_BLOCKS = YES;
				GCC_WARN_64_TO_32_BIT_CONVERSION = YES;
				GCC_WARN_ABOUT_RETURN_TYPE = YES_ERROR;
				GCC_WARN_UNDECLARED_SELECTOR = YES;
				GCC_WARN_UNINITIALIZED_AUTOS = YES_AGGRESSIVE;
				GCC_WARN_UNUSED_FUNCTION = YES;
				GCC_WARN_UNUSED_VARIABLE = YES;
				IPHONEOS_DEPLOYMENT_TARGET = 11.2;
				MTL_ENABLE_DEBUG_INFO = NO;
				SDKROOT = iphoneos;
				SWIFT_OPTIMIZATION_LEVEL = "-Owholemodule";
				VALIDATE_PRODUCT = YES;
			};
			name = Release;
		};
		111DDF271FE8E4CB00A2C357 /* Debug */ = {
			isa = XCBuildConfiguration;
			baseConfigurationReference = 28EE016071FBC864D52142D7 /* Pods-CloudHospital.debug.xcconfig */;
			buildSettings = {
				ASSETCATALOG_COMPILER_APPICON_NAME = AppIcon;
				CODE_SIGN_STYLE = Manual;
				DEVELOPMENT_TEAM = "";
				INFOPLIST_FILE = CloudHospital/Info.plist;
				LD_RUNPATH_SEARCH_PATHS = "$(inherited) @executable_path/Frameworks";
				PRODUCT_BUNDLE_IDENTIFIER = io.oneday.CloudHospital;
				PRODUCT_NAME = "$(TARGET_NAME)";
				PROVISIONING_PROFILE_SPECIFIER = "";
				SWIFT_VERSION = 4.0;
				TARGETED_DEVICE_FAMILY = "1,2";
			};
			name = Debug;
		};
		111DDF281FE8E4CB00A2C357 /* Release */ = {
			isa = XCBuildConfiguration;
			baseConfigurationReference = 60C344C8C585374FC92B4657 /* Pods-CloudHospital.release.xcconfig */;
			buildSettings = {
				ASSETCATALOG_COMPILER_APPICON_NAME = AppIcon;
				CODE_SIGN_STYLE = Manual;
				DEVELOPMENT_TEAM = "";
				INFOPLIST_FILE = CloudHospital/Info.plist;
				LD_RUNPATH_SEARCH_PATHS = "$(inherited) @executable_path/Frameworks";
				PRODUCT_BUNDLE_IDENTIFIER = io.oneday.CloudHospital;
				PRODUCT_NAME = "$(TARGET_NAME)";
				PROVISIONING_PROFILE_SPECIFIER = "";
				SWIFT_VERSION = 4.0;
				TARGETED_DEVICE_FAMILY = "1,2";
			};
			name = Release;
		};
		111DDF2A1FE8E4CB00A2C357 /* Debug */ = {
			isa = XCBuildConfiguration;
			buildSettings = {
				ALWAYS_EMBED_SWIFT_STANDARD_LIBRARIES = YES;
				BUNDLE_LOADER = "$(TEST_HOST)";
				CODE_SIGN_STYLE = Manual;
				DEVELOPMENT_TEAM = "";
				INFOPLIST_FILE = CloudHospitalTests/Info.plist;
				LD_RUNPATH_SEARCH_PATHS = "$(inherited) @executable_path/Frameworks @loader_path/Frameworks";
				PRODUCT_BUNDLE_IDENTIFIER = io.oneday.CloudHospitalTests;
				PRODUCT_NAME = "$(TARGET_NAME)";
				PROVISIONING_PROFILE_SPECIFIER = "";
				SWIFT_VERSION = 4.0;
				TARGETED_DEVICE_FAMILY = "1,2";
				TEST_HOST = "$(BUILT_PRODUCTS_DIR)/CloudHospital.app/CloudHospital";
			};
			name = Debug;
		};
		111DDF2B1FE8E4CB00A2C357 /* Release */ = {
			isa = XCBuildConfiguration;
			buildSettings = {
				ALWAYS_EMBED_SWIFT_STANDARD_LIBRARIES = YES;
				BUNDLE_LOADER = "$(TEST_HOST)";
				CODE_SIGN_STYLE = Manual;
				DEVELOPMENT_TEAM = "";
				INFOPLIST_FILE = CloudHospitalTests/Info.plist;
				LD_RUNPATH_SEARCH_PATHS = "$(inherited) @executable_path/Frameworks @loader_path/Frameworks";
				PRODUCT_BUNDLE_IDENTIFIER = io.oneday.CloudHospitalTests;
				PRODUCT_NAME = "$(TARGET_NAME)";
				PROVISIONING_PROFILE_SPECIFIER = "";
				SWIFT_VERSION = 4.0;
				TARGETED_DEVICE_FAMILY = "1,2";
				TEST_HOST = "$(BUILT_PRODUCTS_DIR)/CloudHospital.app/CloudHospital";
			};
			name = Release;
		};
		111DDF2D1FE8E4CB00A2C357 /* Debug */ = {
			isa = XCBuildConfiguration;
			buildSettings = {
				ALWAYS_EMBED_SWIFT_STANDARD_LIBRARIES = YES;
				CODE_SIGN_STYLE = Manual;
				DEVELOPMENT_TEAM = "";
				INFOPLIST_FILE = CloudHospitalUITests/Info.plist;
				LD_RUNPATH_SEARCH_PATHS = "$(inherited) @executable_path/Frameworks @loader_path/Frameworks";
				PRODUCT_BUNDLE_IDENTIFIER = io.oneday.CloudHospitalUITests;
				PRODUCT_NAME = "$(TARGET_NAME)";
				PROVISIONING_PROFILE_SPECIFIER = "";
				SWIFT_VERSION = 4.0;
				TARGETED_DEVICE_FAMILY = "1,2";
				TEST_TARGET_NAME = CloudHospital;
			};
			name = Debug;
		};
		111DDF2E1FE8E4CB00A2C357 /* Release */ = {
			isa = XCBuildConfiguration;
			buildSettings = {
				ALWAYS_EMBED_SWIFT_STANDARD_LIBRARIES = YES;
				CODE_SIGN_STYLE = Manual;
				DEVELOPMENT_TEAM = "";
				INFOPLIST_FILE = CloudHospitalUITests/Info.plist;
				LD_RUNPATH_SEARCH_PATHS = "$(inherited) @executable_path/Frameworks @loader_path/Frameworks";
				PRODUCT_BUNDLE_IDENTIFIER = io.oneday.CloudHospitalUITests;
				PRODUCT_NAME = "$(TARGET_NAME)";
				PROVISIONING_PROFILE_SPECIFIER = "";
				SWIFT_VERSION = 4.0;
				TARGETED_DEVICE_FAMILY = "1,2";
				TEST_TARGET_NAME = CloudHospital;
			};
			name = Release;
		};
/* End XCBuildConfiguration section */

/* Begin XCConfigurationList section */
		111DDEF91FE8E4CB00A2C357 /* Build configuration list for PBXProject "CloudHospital" */ = {
			isa = XCConfigurationList;
			buildConfigurations = (
				111DDF241FE8E4CB00A2C357 /* Debug */,
				111DDF251FE8E4CB00A2C357 /* Release */,
			);
			defaultConfigurationIsVisible = 0;
			defaultConfigurationName = Release;
		};
		111DDF261FE8E4CB00A2C357 /* Build configuration list for PBXNativeTarget "CloudHospital" */ = {
			isa = XCConfigurationList;
			buildConfigurations = (
				111DDF271FE8E4CB00A2C357 /* Debug */,
				111DDF281FE8E4CB00A2C357 /* Release */,
			);
			defaultConfigurationIsVisible = 0;
			defaultConfigurationName = Release;
		};
		111DDF291FE8E4CB00A2C357 /* Build configuration list for PBXNativeTarget "CloudHospitalTests" */ = {
			isa = XCConfigurationList;
			buildConfigurations = (
				111DDF2A1FE8E4CB00A2C357 /* Debug */,
				111DDF2B1FE8E4CB00A2C357 /* Release */,
			);
			defaultConfigurationIsVisible = 0;
			defaultConfigurationName = Release;
		};
		111DDF2C1FE8E4CB00A2C357 /* Build configuration list for PBXNativeTarget "CloudHospitalUITests" */ = {
			isa = XCConfigurationList;
			buildConfigurations = (
				111DDF2D1FE8E4CB00A2C357 /* Debug */,
				111DDF2E1FE8E4CB00A2C357 /* Release */,
			);
			defaultConfigurationIsVisible = 0;
			defaultConfigurationName = Release;
		};
/* End XCConfigurationList section */
	};
	rootObject = 111DDEF61FE8E4CB00A2C357 /* Project object */;
}
